// !$*UTF8*$!
{
	archiveVersion = 1;
	classes = {
	};
	objectVersion = 46;
	objects = {

/* Begin PBXBuildFile section */
		3405792F1C8EA70C00C79F9D /* CMLNewItemAddingView.m in Sources */ = {isa = PBXBuildFile; fileRef = 3405792E1C8EA70C00C79F9D /* CMLNewItemAddingView.m */; };
		340579311C8EA72000C79F9D /* CMLNewItemAddingView.xib in Resources */ = {isa = PBXBuildFile; fileRef = 340579301C8EA72000C79F9D /* CMLNewItemAddingView.xib */; };
		3405793B1C8EB4E700C79F9D /* SVIndefiniteAnimatedView.m in Sources */ = {isa = PBXBuildFile; fileRef = 340579351C8EB4E700C79F9D /* SVIndefiniteAnimatedView.m */; };
		3405793C1C8EB4E700C79F9D /* SVProgressHUD.bundle in Resources */ = {isa = PBXBuildFile; fileRef = 340579361C8EB4E700C79F9D /* SVProgressHUD.bundle */; };
		3405793D1C8EB4E700C79F9D /* SVProgressHUD.m in Sources */ = {isa = PBXBuildFile; fileRef = 340579381C8EB4E700C79F9D /* SVProgressHUD.m */; };
		3405793E1C8EB4E700C79F9D /* SVRadialGradientLayer.m in Sources */ = {isa = PBXBuildFile; fileRef = 3405793A1C8EB4E700C79F9D /* SVRadialGradientLayer.m */; };
		34340AE51C9FCCAB00FECAD7 /* CMLRecordMonthDetailViewController.m in Sources */ = {isa = PBXBuildFile; fileRef = 34340AE41C9FCCAB00FECAD7 /* CMLRecordMonthDetailViewController.m */; };
		34340AE81C9FD02300FECAD7 /* CMLRecordDetailHeaderView.m in Sources */ = {isa = PBXBuildFile; fileRef = 34340AE71C9FD02300FECAD7 /* CMLRecordDetailHeaderView.m */; };
		34340AEA1C9FD02E00FECAD7 /* CMLRecordDetailHeaderView.xib in Resources */ = {isa = PBXBuildFile; fileRef = 34340AE91C9FD02E00FECAD7 /* CMLRecordDetailHeaderView.xib */; };
		34340AED1C9FDD1D00FECAD7 /* CMLRecordDetailSectionHeaderView.m in Sources */ = {isa = PBXBuildFile; fileRef = 34340AEC1C9FDD1D00FECAD7 /* CMLRecordDetailSectionHeaderView.m */; };
		34340AEF1C9FDD2600FECAD7 /* CMLRecordDetailSectionHeaderView.xib in Resources */ = {isa = PBXBuildFile; fileRef = 34340AEE1C9FDD2600FECAD7 /* CMLRecordDetailSectionHeaderView.xib */; };
		34340AF31C9FEE3500FECAD7 /* CMLRecordDetailCell.m in Sources */ = {isa = PBXBuildFile; fileRef = 34340AF11C9FEE3500FECAD7 /* CMLRecordDetailCell.m */; };
		34340AF41C9FEE3500FECAD7 /* CMLRecordDetailCell.xib in Resources */ = {isa = PBXBuildFile; fileRef = 34340AF21C9FEE3500FECAD7 /* CMLRecordDetailCell.xib */; };
		34340AF81C9FF57E00FECAD7 /* CMLRecordDetailDatePickerView.m in Sources */ = {isa = PBXBuildFile; fileRef = 34340AF61C9FF57E00FECAD7 /* CMLRecordDetailDatePickerView.m */; };
		34340AF91C9FF57E00FECAD7 /* CMLRecordDetailDatePickerView.xib in Resources */ = {isa = PBXBuildFile; fileRef = 34340AF71C9FF57E00FECAD7 /* CMLRecordDetailDatePickerView.xib */; };
		3441D0AF1C7C098A00D6FE0C /* CMLAccountingItemCell.m in Sources */ = {isa = PBXBuildFile; fileRef = 3441D0AD1C7C098A00D6FE0C /* CMLAccountingItemCell.m */; };
		3441D0B01C7C098A00D6FE0C /* CMLAccountingItemCell.xib in Resources */ = {isa = PBXBuildFile; fileRef = 3441D0AE1C7C098A00D6FE0C /* CMLAccountingItemCell.xib */; };
		3441D0B41C7C917C00D6FE0C /* CMLAccountingItemLeftCell.m in Sources */ = {isa = PBXBuildFile; fileRef = 3441D0B21C7C917C00D6FE0C /* CMLAccountingItemLeftCell.m */; };
		3441D0B51C7C917C00D6FE0C /* CMLAccountingItemLeftCell.xib in Resources */ = {isa = PBXBuildFile; fileRef = 3441D0B31C7C917C00D6FE0C /* CMLAccountingItemLeftCell.xib */; };
		3441D0B91C7C919200D6FE0C /* CMLAccountingItemRightCell.m in Sources */ = {isa = PBXBuildFile; fileRef = 3441D0B71C7C919200D6FE0C /* CMLAccountingItemRightCell.m */; };
		3441D0BA1C7C919200D6FE0C /* CMLAccountingItemRightCell.xib in Resources */ = {isa = PBXBuildFile; fileRef = 3441D0B81C7C919200D6FE0C /* CMLAccountingItemRightCell.xib */; };
		34431E281CEB48E0001E4A54 /* CMLRecordItemDetailViewController.m in Sources */ = {isa = PBXBuildFile; fileRef = 34431E271CEB48E0001E4A54 /* CMLRecordItemDetailViewController.m */; };
		344A00431C75E0D8008281BB /* Main.storyboard in Resources */ = {isa = PBXBuildFile; fileRef = 344A00411C75E0D8008281BB /* Main.storyboard */; };
		344A00481C75E0D8008281BB /* Assets.xcassets in Resources */ = {isa = PBXBuildFile; fileRef = 344A00471C75E0D8008281BB /* Assets.xcassets */; };
		344A004B1C75E0D8008281BB /* LaunchScreen.storyboard in Resources */ = {isa = PBXBuildFile; fileRef = 344A00491C75E0D8008281BB /* LaunchScreen.storyboard */; };
		345E0B641C9EE45100A52488 /* CMLRecordCell.m in Sources */ = {isa = PBXBuildFile; fileRef = 345E0B621C9EE45100A52488 /* CMLRecordCell.m */; };
		345E0B651C9EE45100A52488 /* CMLRecordCell.xib in Resources */ = {isa = PBXBuildFile; fileRef = 345E0B631C9EE45100A52488 /* CMLRecordCell.xib */; };
		345E0B681C9EE4C300A52488 /* CMLRecordCellModel.m in Sources */ = {isa = PBXBuildFile; fileRef = 345E0B671C9EE4C300A52488 /* CMLRecordCellModel.m */; };
		345E0B9F1C9F90F600A52488 /* MJExtensionConst.m in Sources */ = {isa = PBXBuildFile; fileRef = 345E0B8C1C9F90F600A52488 /* MJExtensionConst.m */; };
		345E0BA01C9F90F600A52488 /* MJFoundation.m in Sources */ = {isa = PBXBuildFile; fileRef = 345E0B8E1C9F90F600A52488 /* MJFoundation.m */; };
		345E0BA11C9F90F600A52488 /* MJProperty.m in Sources */ = {isa = PBXBuildFile; fileRef = 345E0B901C9F90F600A52488 /* MJProperty.m */; };
		345E0BA21C9F90F600A52488 /* MJPropertyKey.m in Sources */ = {isa = PBXBuildFile; fileRef = 345E0B921C9F90F600A52488 /* MJPropertyKey.m */; };
		345E0BA31C9F90F600A52488 /* MJPropertyType.m in Sources */ = {isa = PBXBuildFile; fileRef = 345E0B941C9F90F600A52488 /* MJPropertyType.m */; };
		345E0BA41C9F90F600A52488 /* NSObject+MJClass.m in Sources */ = {isa = PBXBuildFile; fileRef = 345E0B961C9F90F600A52488 /* NSObject+MJClass.m */; };
		345E0BA51C9F90F600A52488 /* NSObject+MJCoding.m in Sources */ = {isa = PBXBuildFile; fileRef = 345E0B981C9F90F600A52488 /* NSObject+MJCoding.m */; };
		345E0BA61C9F90F600A52488 /* NSObject+MJKeyValue.m in Sources */ = {isa = PBXBuildFile; fileRef = 345E0B9A1C9F90F600A52488 /* NSObject+MJKeyValue.m */; };
		345E0BA71C9F90F600A52488 /* NSObject+MJProperty.m in Sources */ = {isa = PBXBuildFile; fileRef = 345E0B9C1C9F90F600A52488 /* NSObject+MJProperty.m */; };
		345E0BA81C9F90F600A52488 /* NSString+MJExtension.m in Sources */ = {isa = PBXBuildFile; fileRef = 345E0B9E1C9F90F600A52488 /* NSString+MJExtension.m */; };
		3490A2EC1C798D0900DEC138 /* CMLAccountingRegistrationViewController.m in Sources */ = {isa = PBXBuildFile; fileRef = 3490A2EA1C798D0900DEC138 /* CMLAccountingRegistrationViewController.m */; };
		3499BDC31C82D60C004EE4BD /* CMLCoreDataAccess.m in Sources */ = {isa = PBXBuildFile; fileRef = 3499BDC21C82D60C004EE4BD /* CMLCoreDataAccess.m */; };
		3499BDC61C82D8F2004EE4BD /* CMLResponse.m in Sources */ = {isa = PBXBuildFile; fileRef = 3499BDC51C82D8F2004EE4BD /* CMLResponse.m */; };
		3499BE171C84144D004EE4BD /* CMLItemCategory+CoreDataProperties.m in Sources */ = {isa = PBXBuildFile; fileRef = 3499BE0C1C84144D004EE4BD /* CMLItemCategory+CoreDataProperties.m */; };
		3499BE181C84144D004EE4BD /* CMLItemCategory.m in Sources */ = {isa = PBXBuildFile; fileRef = 3499BE0E1C84144D004EE4BD /* CMLItemCategory.m */; };
		3499BE191C84144D004EE4BD /* CMLItem+CoreDataProperties.m in Sources */ = {isa = PBXBuildFile; fileRef = 3499BE101C84144D004EE4BD /* CMLItem+CoreDataProperties.m */; };
		3499BE1A1C84144D004EE4BD /* CMLItem.m in Sources */ = {isa = PBXBuildFile; fileRef = 3499BE121C84144D004EE4BD /* CMLItem.m */; };
		3499BE1B1C84144D004EE4BD /* CMLAccounting+CoreDataProperties.m in Sources */ = {isa = PBXBuildFile; fileRef = 3499BE141C84144D004EE4BD /* CMLAccounting+CoreDataProperties.m */; };
		3499BE1C1C84144D004EE4BD /* CMLAccounting.m in Sources */ = {isa = PBXBuildFile; fileRef = 3499BE161C84144D004EE4BD /* CMLAccounting.m */; };
		34D21C771C78149E004264C2 /* CMLAccountingViewController.m in Sources */ = {isa = PBXBuildFile; fileRef = 34D21C741C78149E004264C2 /* CMLAccountingViewController.m */; };
		34D21C7D1C7814CC004264C2 /* CMLRecordViewController.m in Sources */ = {isa = PBXBuildFile; fileRef = 34D21C7A1C7814CC004264C2 /* CMLRecordViewController.m */; };
		34D21C901C7814F3004264C2 /* AppDelegate.m in Sources */ = {isa = PBXBuildFile; fileRef = 34D21C841C7814F3004264C2 /* AppDelegate.m */; };
		34D21C911C7814F3004264C2 /* main.m in Sources */ = {isa = PBXBuildFile; fileRef = 34D21C861C7814F3004264C2 /* main.m */; };
		34D21C931C7814F3004264C2 /* CMLTool.m in Sources */ = {isa = PBXBuildFile; fileRef = 34D21C8D1C7814F3004264C2 /* CMLTool.m */; };
		34D21C9B1C78892E004264C2 /* Camille.xcdatamodeld in Sources */ = {isa = PBXBuildFile; fileRef = 34D21C991C78892E004264C2 /* Camille.xcdatamodeld */; };
		34D21CA41C788948004264C2 /* UIView+Extension.m in Sources */ = {isa = PBXBuildFile; fileRef = 34D21CA31C788948004264C2 /* UIView+Extension.m */; };
		34D21CA91C788A28004264C2 /* UIBarButtonItem+Extension.m in Sources */ = {isa = PBXBuildFile; fileRef = 34D21CA81C788A28004264C2 /* UIBarButtonItem+Extension.m */; };
		34D21CAC1C789085004264C2 /* CMLTabBarController.m in Sources */ = {isa = PBXBuildFile; fileRef = 34D21CAB1C789085004264C2 /* CMLTabBarController.m */; };
		34D21CAF1C7890AE004264C2 /* CMLNavigationController.m in Sources */ = {isa = PBXBuildFile; fileRef = 34D21CAE1C7890AE004264C2 /* CMLNavigationController.m */; };
		34D21CB31C789991004264C2 /* CMLAccountingViewController.xib in Resources */ = {isa = PBXBuildFile; fileRef = 34D21CB21C789991004264C2 /* CMLAccountingViewController.xib */; };
		34E384691CA115B1004A5A8C /* CDatePickerViewEx.m in Sources */ = {isa = PBXBuildFile; fileRef = 34E384681CA115B1004A5A8C /* CDatePickerViewEx.m */; };
		34E3846C1CA12576004A5A8C /* CMLTool+NSDate.m in Sources */ = {isa = PBXBuildFile; fileRef = 34E3846B1CA12576004A5A8C /* CMLTool+NSDate.m */; };
		34EA4B0A1CAEA63F0075B09E /* CMLRecordMonthDetailModel.m in Sources */ = {isa = PBXBuildFile; fileRef = 34EA4B091CAEA63F0075B09E /* CMLRecordMonthDetailModel.m */; };
		34FA38961C944A0300A049E8 /* CMLAccountingAmountCell.m in Sources */ = {isa = PBXBuildFile; fileRef = 34FA38941C944A0300A049E8 /* CMLAccountingAmountCell.m */; };
		34FA38971C944A0300A049E8 /* CMLAccountingAmountCell.xib in Resources */ = {isa = PBXBuildFile; fileRef = 34FA38951C944A0300A049E8 /* CMLAccountingAmountCell.xib */; };
		34FA389B1C95358500A049E8 /* CMLAccountingDateCell.m in Sources */ = {isa = PBXBuildFile; fileRef = 34FA38991C95358500A049E8 /* CMLAccountingDateCell.m */; };
		34FA389C1C95358500A049E8 /* CMLAccountingDateCell.xib in Resources */ = {isa = PBXBuildFile; fileRef = 34FA389A1C95358500A049E8 /* CMLAccountingDateCell.xib */; };
		34FA389F1C96980C00A049E8 /* CMLAccountingDatePickerView.m in Sources */ = {isa = PBXBuildFile; fileRef = 34FA389E1C96980C00A049E8 /* CMLAccountingDatePickerView.m */; };
		34FA38A11C96981B00A049E8 /* CMLAccountingDatePickerView.xib in Resources */ = {isa = PBXBuildFile; fileRef = 34FA38A01C96981B00A049E8 /* CMLAccountingDatePickerView.xib */; };
/* End PBXBuildFile section */

/* Begin PBXFileReference section */
		3405792D1C8EA70C00C79F9D /* CMLNewItemAddingView.h */ = {isa = PBXFileReference; fileEncoding = 4; lastKnownFileType = sourcecode.c.h; path = CMLNewItemAddingView.h; sourceTree = "<group>"; };
		3405792E1C8EA70C00C79F9D /* CMLNewItemAddingView.m */ = {isa = PBXFileReference; fileEncoding = 4; lastKnownFileType = sourcecode.c.objc; path = CMLNewItemAddingView.m; sourceTree = "<group>"; };
		340579301C8EA72000C79F9D /* CMLNewItemAddingView.xib */ = {isa = PBXFileReference; fileEncoding = 4; lastKnownFileType = file.xib; path = CMLNewItemAddingView.xib; sourceTree = "<group>"; };
		340579341C8EB4E700C79F9D /* SVIndefiniteAnimatedView.h */ = {isa = PBXFileReference; fileEncoding = 4; lastKnownFileType = sourcecode.c.h; path = SVIndefiniteAnimatedView.h; sourceTree = "<group>"; };
		340579351C8EB4E700C79F9D /* SVIndefiniteAnimatedView.m */ = {isa = PBXFileReference; fileEncoding = 4; lastKnownFileType = sourcecode.c.objc; path = SVIndefiniteAnimatedView.m; sourceTree = "<group>"; };
		340579361C8EB4E700C79F9D /* SVProgressHUD.bundle */ = {isa = PBXFileReference; lastKnownFileType = "wrapper.plug-in"; path = SVProgressHUD.bundle; sourceTree = "<group>"; };
		340579371C8EB4E700C79F9D /* SVProgressHUD.h */ = {isa = PBXFileReference; fileEncoding = 4; lastKnownFileType = sourcecode.c.h; path = SVProgressHUD.h; sourceTree = "<group>"; };
		340579381C8EB4E700C79F9D /* SVProgressHUD.m */ = {isa = PBXFileReference; fileEncoding = 4; lastKnownFileType = sourcecode.c.objc; path = SVProgressHUD.m; sourceTree = "<group>"; };
		340579391C8EB4E700C79F9D /* SVRadialGradientLayer.h */ = {isa = PBXFileReference; fileEncoding = 4; lastKnownFileType = sourcecode.c.h; path = SVRadialGradientLayer.h; sourceTree = "<group>"; };
		3405793A1C8EB4E700C79F9D /* SVRadialGradientLayer.m */ = {isa = PBXFileReference; fileEncoding = 4; lastKnownFileType = sourcecode.c.objc; path = SVRadialGradientLayer.m; sourceTree = "<group>"; };
		34340AE31C9FCCAB00FECAD7 /* CMLRecordMonthDetailViewController.h */ = {isa = PBXFileReference; fileEncoding = 4; lastKnownFileType = sourcecode.c.h; path = CMLRecordMonthDetailViewController.h; sourceTree = "<group>"; };
		34340AE41C9FCCAB00FECAD7 /* CMLRecordMonthDetailViewController.m */ = {isa = PBXFileReference; fileEncoding = 4; lastKnownFileType = sourcecode.c.objc; path = CMLRecordMonthDetailViewController.m; sourceTree = "<group>"; };
		34340AE61C9FD02300FECAD7 /* CMLRecordDetailHeaderView.h */ = {isa = PBXFileReference; fileEncoding = 4; lastKnownFileType = sourcecode.c.h; path = CMLRecordDetailHeaderView.h; sourceTree = "<group>"; };
		34340AE71C9FD02300FECAD7 /* CMLRecordDetailHeaderView.m */ = {isa = PBXFileReference; fileEncoding = 4; lastKnownFileType = sourcecode.c.objc; path = CMLRecordDetailHeaderView.m; sourceTree = "<group>"; };
		34340AE91C9FD02E00FECAD7 /* CMLRecordDetailHeaderView.xib */ = {isa = PBXFileReference; fileEncoding = 4; lastKnownFileType = file.xib; path = CMLRecordDetailHeaderView.xib; sourceTree = "<group>"; };
		34340AEB1C9FDD1D00FECAD7 /* CMLRecordDetailSectionHeaderView.h */ = {isa = PBXFileReference; fileEncoding = 4; lastKnownFileType = sourcecode.c.h; path = CMLRecordDetailSectionHeaderView.h; sourceTree = "<group>"; };
		34340AEC1C9FDD1D00FECAD7 /* CMLRecordDetailSectionHeaderView.m */ = {isa = PBXFileReference; fileEncoding = 4; lastKnownFileType = sourcecode.c.objc; path = CMLRecordDetailSectionHeaderView.m; sourceTree = "<group>"; };
		34340AEE1C9FDD2600FECAD7 /* CMLRecordDetailSectionHeaderView.xib */ = {isa = PBXFileReference; fileEncoding = 4; lastKnownFileType = file.xib; path = CMLRecordDetailSectionHeaderView.xib; sourceTree = "<group>"; };
		34340AF01C9FEE3500FECAD7 /* CMLRecordDetailCell.h */ = {isa = PBXFileReference; fileEncoding = 4; lastKnownFileType = sourcecode.c.h; path = CMLRecordDetailCell.h; sourceTree = "<group>"; };
		34340AF11C9FEE3500FECAD7 /* CMLRecordDetailCell.m */ = {isa = PBXFileReference; fileEncoding = 4; lastKnownFileType = sourcecode.c.objc; path = CMLRecordDetailCell.m; sourceTree = "<group>"; };
		34340AF21C9FEE3500FECAD7 /* CMLRecordDetailCell.xib */ = {isa = PBXFileReference; fileEncoding = 4; lastKnownFileType = file.xib; path = CMLRecordDetailCell.xib; sourceTree = "<group>"; };
		34340AF51C9FF57E00FECAD7 /* CMLRecordDetailDatePickerView.h */ = {isa = PBXFileReference; fileEncoding = 4; lastKnownFileType = sourcecode.c.h; path = CMLRecordDetailDatePickerView.h; sourceTree = "<group>"; };
		34340AF61C9FF57E00FECAD7 /* CMLRecordDetailDatePickerView.m */ = {isa = PBXFileReference; fileEncoding = 4; lastKnownFileType = sourcecode.c.objc; path = CMLRecordDetailDatePickerView.m; sourceTree = "<group>"; };
		34340AF71C9FF57E00FECAD7 /* CMLRecordDetailDatePickerView.xib */ = {isa = PBXFileReference; fileEncoding = 4; lastKnownFileType = file.xib; path = CMLRecordDetailDatePickerView.xib; sourceTree = "<group>"; };
		3441D0AC1C7C098A00D6FE0C /* CMLAccountingItemCell.h */ = {isa = PBXFileReference; fileEncoding = 4; lastKnownFileType = sourcecode.c.h; path = CMLAccountingItemCell.h; sourceTree = "<group>"; };
		3441D0AD1C7C098A00D6FE0C /* CMLAccountingItemCell.m */ = {isa = PBXFileReference; fileEncoding = 4; lastKnownFileType = sourcecode.c.objc; path = CMLAccountingItemCell.m; sourceTree = "<group>"; };
		3441D0AE1C7C098A00D6FE0C /* CMLAccountingItemCell.xib */ = {isa = PBXFileReference; fileEncoding = 4; lastKnownFileType = file.xib; path = CMLAccountingItemCell.xib; sourceTree = "<group>"; };
		3441D0B11C7C917C00D6FE0C /* CMLAccountingItemLeftCell.h */ = {isa = PBXFileReference; fileEncoding = 4; lastKnownFileType = sourcecode.c.h; path = CMLAccountingItemLeftCell.h; sourceTree = "<group>"; };
		3441D0B21C7C917C00D6FE0C /* CMLAccountingItemLeftCell.m */ = {isa = PBXFileReference; fileEncoding = 4; lastKnownFileType = sourcecode.c.objc; path = CMLAccountingItemLeftCell.m; sourceTree = "<group>"; };
		3441D0B31C7C917C00D6FE0C /* CMLAccountingItemLeftCell.xib */ = {isa = PBXFileReference; fileEncoding = 4; lastKnownFileType = file.xib; path = CMLAccountingItemLeftCell.xib; sourceTree = "<group>"; };
		3441D0B61C7C919200D6FE0C /* CMLAccountingItemRightCell.h */ = {isa = PBXFileReference; fileEncoding = 4; lastKnownFileType = sourcecode.c.h; path = CMLAccountingItemRightCell.h; sourceTree = "<group>"; };
		3441D0B71C7C919200D6FE0C /* CMLAccountingItemRightCell.m */ = {isa = PBXFileReference; fileEncoding = 4; lastKnownFileType = sourcecode.c.objc; path = CMLAccountingItemRightCell.m; sourceTree = "<group>"; };
		3441D0B81C7C919200D6FE0C /* CMLAccountingItemRightCell.xib */ = {isa = PBXFileReference; fileEncoding = 4; lastKnownFileType = file.xib; path = CMLAccountingItemRightCell.xib; sourceTree = "<group>"; };
		34431E261CEB48E0001E4A54 /* CMLRecordItemDetailViewController.h */ = {isa = PBXFileReference; fileEncoding = 4; lastKnownFileType = sourcecode.c.h; path = CMLRecordItemDetailViewController.h; sourceTree = "<group>"; };
		34431E271CEB48E0001E4A54 /* CMLRecordItemDetailViewController.m */ = {isa = PBXFileReference; fileEncoding = 4; lastKnownFileType = sourcecode.c.objc; path = CMLRecordItemDetailViewController.m; sourceTree = "<group>"; };
		344A00351C75E0D8008281BB /* Camille.app */ = {isa = PBXFileReference; explicitFileType = wrapper.application; includeInIndex = 0; path = Camille.app; sourceTree = BUILT_PRODUCTS_DIR; };
		344A00421C75E0D8008281BB /* Base */ = {isa = PBXFileReference; lastKnownFileType = file.storyboard; name = Base; path = Base.lproj/Main.storyboard; sourceTree = "<group>"; };
		344A00471C75E0D8008281BB /* Assets.xcassets */ = {isa = PBXFileReference; lastKnownFileType = folder.assetcatalog; path = Assets.xcassets; sourceTree = "<group>"; };
		344A004A1C75E0D8008281BB /* Base */ = {isa = PBXFileReference; lastKnownFileType = file.storyboard; name = Base; path = Base.lproj/LaunchScreen.storyboard; sourceTree = "<group>"; };
		344A004C1C75E0D8008281BB /* Info.plist */ = {isa = PBXFileReference; lastKnownFileType = text.plist.xml; path = Info.plist; sourceTree = "<group>"; };
		345E0B611C9EE45100A52488 /* CMLRecordCell.h */ = {isa = PBXFileReference; fileEncoding = 4; lastKnownFileType = sourcecode.c.h; path = CMLRecordCell.h; sourceTree = "<group>"; };
		345E0B621C9EE45100A52488 /* CMLRecordCell.m */ = {isa = PBXFileReference; fileEncoding = 4; lastKnownFileType = sourcecode.c.objc; path = CMLRecordCell.m; sourceTree = "<group>"; };
		345E0B631C9EE45100A52488 /* CMLRecordCell.xib */ = {isa = PBXFileReference; fileEncoding = 4; lastKnownFileType = file.xib; path = CMLRecordCell.xib; sourceTree = "<group>"; };
		345E0B661C9EE4C300A52488 /* CMLRecordCellModel.h */ = {isa = PBXFileReference; fileEncoding = 4; lastKnownFileType = sourcecode.c.h; path = CMLRecordCellModel.h; sourceTree = "<group>"; };
		345E0B671C9EE4C300A52488 /* CMLRecordCellModel.m */ = {isa = PBXFileReference; fileEncoding = 4; lastKnownFileType = sourcecode.c.objc; path = CMLRecordCellModel.m; sourceTree = "<group>"; };
		345E0B8A1C9F90F600A52488 /* MJExtension.h */ = {isa = PBXFileReference; fileEncoding = 4; lastKnownFileType = sourcecode.c.h; path = MJExtension.h; sourceTree = "<group>"; };
		345E0B8B1C9F90F600A52488 /* MJExtensionConst.h */ = {isa = PBXFileReference; fileEncoding = 4; lastKnownFileType = sourcecode.c.h; path = MJExtensionConst.h; sourceTree = "<group>"; };
		345E0B8C1C9F90F600A52488 /* MJExtensionConst.m */ = {isa = PBXFileReference; fileEncoding = 4; lastKnownFileType = sourcecode.c.objc; path = MJExtensionConst.m; sourceTree = "<group>"; };
		345E0B8D1C9F90F600A52488 /* MJFoundation.h */ = {isa = PBXFileReference; fileEncoding = 4; lastKnownFileType = sourcecode.c.h; path = MJFoundation.h; sourceTree = "<group>"; };
		345E0B8E1C9F90F600A52488 /* MJFoundation.m */ = {isa = PBXFileReference; fileEncoding = 4; lastKnownFileType = sourcecode.c.objc; path = MJFoundation.m; sourceTree = "<group>"; };
		345E0B8F1C9F90F600A52488 /* MJProperty.h */ = {isa = PBXFileReference; fileEncoding = 4; lastKnownFileType = sourcecode.c.h; path = MJProperty.h; sourceTree = "<group>"; };
		345E0B901C9F90F600A52488 /* MJProperty.m */ = {isa = PBXFileReference; fileEncoding = 4; lastKnownFileType = sourcecode.c.objc; path = MJProperty.m; sourceTree = "<group>"; };
		345E0B911C9F90F600A52488 /* MJPropertyKey.h */ = {isa = PBXFileReference; fileEncoding = 4; lastKnownFileType = sourcecode.c.h; path = MJPropertyKey.h; sourceTree = "<group>"; };
		345E0B921C9F90F600A52488 /* MJPropertyKey.m */ = {isa = PBXFileReference; fileEncoding = 4; lastKnownFileType = sourcecode.c.objc; path = MJPropertyKey.m; sourceTree = "<group>"; };
		345E0B931C9F90F600A52488 /* MJPropertyType.h */ = {isa = PBXFileReference; fileEncoding = 4; lastKnownFileType = sourcecode.c.h; path = MJPropertyType.h; sourceTree = "<group>"; };
		345E0B941C9F90F600A52488 /* MJPropertyType.m */ = {isa = PBXFileReference; fileEncoding = 4; lastKnownFileType = sourcecode.c.objc; path = MJPropertyType.m; sourceTree = "<group>"; };
		345E0B951C9F90F600A52488 /* NSObject+MJClass.h */ = {isa = PBXFileReference; fileEncoding = 4; lastKnownFileType = sourcecode.c.h; path = "NSObject+MJClass.h"; sourceTree = "<group>"; };
		345E0B961C9F90F600A52488 /* NSObject+MJClass.m */ = {isa = PBXFileReference; fileEncoding = 4; lastKnownFileType = sourcecode.c.objc; path = "NSObject+MJClass.m"; sourceTree = "<group>"; };
		345E0B971C9F90F600A52488 /* NSObject+MJCoding.h */ = {isa = PBXFileReference; fileEncoding = 4; lastKnownFileType = sourcecode.c.h; path = "NSObject+MJCoding.h"; sourceTree = "<group>"; };
		345E0B981C9F90F600A52488 /* NSObject+MJCoding.m */ = {isa = PBXFileReference; fileEncoding = 4; lastKnownFileType = sourcecode.c.objc; path = "NSObject+MJCoding.m"; sourceTree = "<group>"; };
		345E0B991C9F90F600A52488 /* NSObject+MJKeyValue.h */ = {isa = PBXFileReference; fileEncoding = 4; lastKnownFileType = sourcecode.c.h; path = "NSObject+MJKeyValue.h"; sourceTree = "<group>"; };
		345E0B9A1C9F90F600A52488 /* NSObject+MJKeyValue.m */ = {isa = PBXFileReference; fileEncoding = 4; lastKnownFileType = sourcecode.c.objc; path = "NSObject+MJKeyValue.m"; sourceTree = "<group>"; };
		345E0B9B1C9F90F600A52488 /* NSObject+MJProperty.h */ = {isa = PBXFileReference; fileEncoding = 4; lastKnownFileType = sourcecode.c.h; path = "NSObject+MJProperty.h"; sourceTree = "<group>"; };
		345E0B9C1C9F90F600A52488 /* NSObject+MJProperty.m */ = {isa = PBXFileReference; fileEncoding = 4; lastKnownFileType = sourcecode.c.objc; path = "NSObject+MJProperty.m"; sourceTree = "<group>"; };
		345E0B9D1C9F90F600A52488 /* NSString+MJExtension.h */ = {isa = PBXFileReference; fileEncoding = 4; lastKnownFileType = sourcecode.c.h; path = "NSString+MJExtension.h"; sourceTree = "<group>"; };
		345E0B9E1C9F90F600A52488 /* NSString+MJExtension.m */ = {isa = PBXFileReference; fileEncoding = 4; lastKnownFileType = sourcecode.c.objc; path = "NSString+MJExtension.m"; sourceTree = "<group>"; };
		3490A2E91C798D0900DEC138 /* CMLAccountingRegistrationViewController.h */ = {isa = PBXFileReference; fileEncoding = 4; lastKnownFileType = sourcecode.c.h; path = CMLAccountingRegistrationViewController.h; sourceTree = "<group>"; };
		3490A2EA1C798D0900DEC138 /* CMLAccountingRegistrationViewController.m */ = {isa = PBXFileReference; fileEncoding = 4; lastKnownFileType = sourcecode.c.objc; path = CMLAccountingRegistrationViewController.m; sourceTree = "<group>"; };
		3499BDC11C82D60C004EE4BD /* CMLCoreDataAccess.h */ = {isa = PBXFileReference; fileEncoding = 4; lastKnownFileType = sourcecode.c.h; path = CMLCoreDataAccess.h; sourceTree = "<group>"; };
		3499BDC21C82D60C004EE4BD /* CMLCoreDataAccess.m */ = {isa = PBXFileReference; fileEncoding = 4; lastKnownFileType = sourcecode.c.objc; path = CMLCoreDataAccess.m; sourceTree = "<group>"; };
		3499BDC41C82D8F2004EE4BD /* CMLResponse.h */ = {isa = PBXFileReference; fileEncoding = 4; lastKnownFileType = sourcecode.c.h; path = CMLResponse.h; sourceTree = "<group>"; };
		3499BDC51C82D8F2004EE4BD /* CMLResponse.m */ = {isa = PBXFileReference; fileEncoding = 4; lastKnownFileType = sourcecode.c.objc; path = CMLResponse.m; sourceTree = "<group>"; };
		3499BE0B1C84144D004EE4BD /* CMLItemCategory+CoreDataProperties.h */ = {isa = PBXFileReference; fileEncoding = 4; lastKnownFileType = sourcecode.c.h; path = "CMLItemCategory+CoreDataProperties.h"; sourceTree = "<group>"; };
		3499BE0C1C84144D004EE4BD /* CMLItemCategory+CoreDataProperties.m */ = {isa = PBXFileReference; fileEncoding = 4; lastKnownFileType = sourcecode.c.objc; path = "CMLItemCategory+CoreDataProperties.m"; sourceTree = "<group>"; };
		3499BE0D1C84144D004EE4BD /* CMLItemCategory.h */ = {isa = PBXFileReference; fileEncoding = 4; lastKnownFileType = sourcecode.c.h; path = CMLItemCategory.h; sourceTree = "<group>"; };
		3499BE0E1C84144D004EE4BD /* CMLItemCategory.m */ = {isa = PBXFileReference; fileEncoding = 4; lastKnownFileType = sourcecode.c.objc; path = CMLItemCategory.m; sourceTree = "<group>"; };
		3499BE0F1C84144D004EE4BD /* CMLItem+CoreDataProperties.h */ = {isa = PBXFileReference; fileEncoding = 4; lastKnownFileType = sourcecode.c.h; path = "CMLItem+CoreDataProperties.h"; sourceTree = "<group>"; };
		3499BE101C84144D004EE4BD /* CMLItem+CoreDataProperties.m */ = {isa = PBXFileReference; fileEncoding = 4; lastKnownFileType = sourcecode.c.objc; path = "CMLItem+CoreDataProperties.m"; sourceTree = "<group>"; };
		3499BE111C84144D004EE4BD /* CMLItem.h */ = {isa = PBXFileReference; fileEncoding = 4; lastKnownFileType = sourcecode.c.h; path = CMLItem.h; sourceTree = "<group>"; };
		3499BE121C84144D004EE4BD /* CMLItem.m */ = {isa = PBXFileReference; fileEncoding = 4; lastKnownFileType = sourcecode.c.objc; path = CMLItem.m; sourceTree = "<group>"; };
		3499BE131C84144D004EE4BD /* CMLAccounting+CoreDataProperties.h */ = {isa = PBXFileReference; fileEncoding = 4; lastKnownFileType = sourcecode.c.h; path = "CMLAccounting+CoreDataProperties.h"; sourceTree = "<group>"; };
		3499BE141C84144D004EE4BD /* CMLAccounting+CoreDataProperties.m */ = {isa = PBXFileReference; fileEncoding = 4; lastKnownFileType = sourcecode.c.objc; path = "CMLAccounting+CoreDataProperties.m"; sourceTree = "<group>"; };
		3499BE151C84144D004EE4BD /* CMLAccounting.h */ = {isa = PBXFileReference; fileEncoding = 4; lastKnownFileType = sourcecode.c.h; path = CMLAccounting.h; sourceTree = "<group>"; };
		3499BE161C84144D004EE4BD /* CMLAccounting.m */ = {isa = PBXFileReference; fileEncoding = 4; lastKnownFileType = sourcecode.c.objc; path = CMLAccounting.m; sourceTree = "<group>"; };
		34D21C501C776EF4004264C2 /* PrefixHeader.pch */ = {isa = PBXFileReference; lastKnownFileType = sourcecode.c.h; path = PrefixHeader.pch; sourceTree = "<group>"; };
		34D21C731C78149E004264C2 /* CMLAccountingViewController.h */ = {isa = PBXFileReference; fileEncoding = 4; lastKnownFileType = sourcecode.c.h; path = CMLAccountingViewController.h; sourceTree = "<group>"; };
		34D21C741C78149E004264C2 /* CMLAccountingViewController.m */ = {isa = PBXFileReference; fileEncoding = 4; lastKnownFileType = sourcecode.c.objc; path = CMLAccountingViewController.m; sourceTree = "<group>"; };
		34D21C791C7814CC004264C2 /* CMLRecordViewController.h */ = {isa = PBXFileReference; fileEncoding = 4; lastKnownFileType = sourcecode.c.h; path = CMLRecordViewController.h; sourceTree = "<group>"; };
		34D21C7A1C7814CC004264C2 /* CMLRecordViewController.m */ = {isa = PBXFileReference; fileEncoding = 4; lastKnownFileType = sourcecode.c.objc; path = CMLRecordViewController.m; sourceTree = "<group>"; };
		34D21C831C7814F3004264C2 /* AppDelegate.h */ = {isa = PBXFileReference; fileEncoding = 4; lastKnownFileType = sourcecode.c.h; path = AppDelegate.h; sourceTree = "<group>"; };
		34D21C841C7814F3004264C2 /* AppDelegate.m */ = {isa = PBXFileReference; fileEncoding = 4; lastKnownFileType = sourcecode.c.objc; path = AppDelegate.m; sourceTree = "<group>"; };
		34D21C851C7814F3004264C2 /* CMLConstant.h */ = {isa = PBXFileReference; fileEncoding = 4; lastKnownFileType = sourcecode.c.h; path = CMLConstant.h; sourceTree = "<group>"; };
		34D21C861C7814F3004264C2 /* main.m */ = {isa = PBXFileReference; fileEncoding = 4; lastKnownFileType = sourcecode.c.objc; path = main.m; sourceTree = "<group>"; };
		34D21C8C1C7814F3004264C2 /* CMLTool.h */ = {isa = PBXFileReference; fileEncoding = 4; lastKnownFileType = sourcecode.c.h; path = CMLTool.h; sourceTree = "<group>"; };
		34D21C8D1C7814F3004264C2 /* CMLTool.m */ = {isa = PBXFileReference; fileEncoding = 4; lastKnownFileType = sourcecode.c.objc; path = CMLTool.m; sourceTree = "<group>"; };
		34D21C9A1C78892E004264C2 /* Camille.xcdatamodel */ = {isa = PBXFileReference; lastKnownFileType = wrapper.xcdatamodel; path = Camille.xcdatamodel; sourceTree = "<group>"; };
		34D21CA21C788948004264C2 /* UIView+Extension.h */ = {isa = PBXFileReference; fileEncoding = 4; lastKnownFileType = sourcecode.c.h; path = "UIView+Extension.h"; sourceTree = "<group>"; };
		34D21CA31C788948004264C2 /* UIView+Extension.m */ = {isa = PBXFileReference; fileEncoding = 4; lastKnownFileType = sourcecode.c.objc; path = "UIView+Extension.m"; sourceTree = "<group>"; };
		34D21CA71C788A28004264C2 /* UIBarButtonItem+Extension.h */ = {isa = PBXFileReference; fileEncoding = 4; lastKnownFileType = sourcecode.c.h; path = "UIBarButtonItem+Extension.h"; sourceTree = "<group>"; };
		34D21CA81C788A28004264C2 /* UIBarButtonItem+Extension.m */ = {isa = PBXFileReference; fileEncoding = 4; lastKnownFileType = sourcecode.c.objc; path = "UIBarButtonItem+Extension.m"; sourceTree = "<group>"; };
		34D21CAA1C789085004264C2 /* CMLTabBarController.h */ = {isa = PBXFileReference; fileEncoding = 4; lastKnownFileType = sourcecode.c.h; path = CMLTabBarController.h; sourceTree = "<group>"; };
		34D21CAB1C789085004264C2 /* CMLTabBarController.m */ = {isa = PBXFileReference; fileEncoding = 4; lastKnownFileType = sourcecode.c.objc; path = CMLTabBarController.m; sourceTree = "<group>"; };
		34D21CAD1C7890AE004264C2 /* CMLNavigationController.h */ = {isa = PBXFileReference; fileEncoding = 4; lastKnownFileType = sourcecode.c.h; path = CMLNavigationController.h; sourceTree = "<group>"; };
		34D21CAE1C7890AE004264C2 /* CMLNavigationController.m */ = {isa = PBXFileReference; fileEncoding = 4; lastKnownFileType = sourcecode.c.objc; path = CMLNavigationController.m; sourceTree = "<group>"; };
		34D21CB21C789991004264C2 /* CMLAccountingViewController.xib */ = {isa = PBXFileReference; fileEncoding = 4; lastKnownFileType = file.xib; path = CMLAccountingViewController.xib; sourceTree = "<group>"; };
		34E384671CA115B1004A5A8C /* CDatePickerViewEx.h */ = {isa = PBXFileReference; fileEncoding = 4; lastKnownFileType = sourcecode.c.h; path = CDatePickerViewEx.h; sourceTree = "<group>"; };
		34E384681CA115B1004A5A8C /* CDatePickerViewEx.m */ = {isa = PBXFileReference; fileEncoding = 4; lastKnownFileType = sourcecode.c.objc; path = CDatePickerViewEx.m; sourceTree = "<group>"; };
		34E3846A1CA12576004A5A8C /* CMLTool+NSDate.h */ = {isa = PBXFileReference; fileEncoding = 4; lastKnownFileType = sourcecode.c.h; path = "CMLTool+NSDate.h"; sourceTree = "<group>"; };
		34E3846B1CA12576004A5A8C /* CMLTool+NSDate.m */ = {isa = PBXFileReference; fileEncoding = 4; lastKnownFileType = sourcecode.c.objc; path = "CMLTool+NSDate.m"; sourceTree = "<group>"; };
		34EA4B081CAEA63F0075B09E /* CMLRecordMonthDetailModel.h */ = {isa = PBXFileReference; fileEncoding = 4; lastKnownFileType = sourcecode.c.h; path = CMLRecordMonthDetailModel.h; sourceTree = "<group>"; };
		34EA4B091CAEA63F0075B09E /* CMLRecordMonthDetailModel.m */ = {isa = PBXFileReference; fileEncoding = 4; lastKnownFileType = sourcecode.c.objc; path = CMLRecordMonthDetailModel.m; sourceTree = "<group>"; };
		34FA38931C944A0300A049E8 /* CMLAccountingAmountCell.h */ = {isa = PBXFileReference; fileEncoding = 4; lastKnownFileType = sourcecode.c.h; path = CMLAccountingAmountCell.h; sourceTree = "<group>"; };
		34FA38941C944A0300A049E8 /* CMLAccountingAmountCell.m */ = {isa = PBXFileReference; fileEncoding = 4; lastKnownFileType = sourcecode.c.objc; path = CMLAccountingAmountCell.m; sourceTree = "<group>"; };
		34FA38951C944A0300A049E8 /* CMLAccountingAmountCell.xib */ = {isa = PBXFileReference; fileEncoding = 4; lastKnownFileType = file.xib; path = CMLAccountingAmountCell.xib; sourceTree = "<group>"; };
		34FA38981C95358500A049E8 /* CMLAccountingDateCell.h */ = {isa = PBXFileReference; fileEncoding = 4; lastKnownFileType = sourcecode.c.h; path = CMLAccountingDateCell.h; sourceTree = "<group>"; };
		34FA38991C95358500A049E8 /* CMLAccountingDateCell.m */ = {isa = PBXFileReference; fileEncoding = 4; lastKnownFileType = sourcecode.c.objc; path = CMLAccountingDateCell.m; sourceTree = "<group>"; };
		34FA389A1C95358500A049E8 /* CMLAccountingDateCell.xib */ = {isa = PBXFileReference; fileEncoding = 4; lastKnownFileType = file.xib; path = CMLAccountingDateCell.xib; sourceTree = "<group>"; };
		34FA389D1C96980C00A049E8 /* CMLAccountingDatePickerView.h */ = {isa = PBXFileReference; fileEncoding = 4; lastKnownFileType = sourcecode.c.h; path = CMLAccountingDatePickerView.h; sourceTree = "<group>"; };
		34FA389E1C96980C00A049E8 /* CMLAccountingDatePickerView.m */ = {isa = PBXFileReference; fileEncoding = 4; lastKnownFileType = sourcecode.c.objc; path = CMLAccountingDatePickerView.m; sourceTree = "<group>"; };
		34FA38A01C96981B00A049E8 /* CMLAccountingDatePickerView.xib */ = {isa = PBXFileReference; fileEncoding = 4; lastKnownFileType = file.xib; path = CMLAccountingDatePickerView.xib; sourceTree = "<group>"; };
/* End PBXFileReference section */

/* Begin PBXFrameworksBuildPhase section */
		344A00321C75E0D8008281BB /* Frameworks */ = {
			isa = PBXFrameworksBuildPhase;
			buildActionMask = 2147483647;
			files = (
			);
			runOnlyForDeploymentPostprocessing = 0;
		};
/* End PBXFrameworksBuildPhase section */

/* Begin PBXGroup section */
		340579321C8EB4E700C79F9D /* Lib */ = {
			isa = PBXGroup;
			children = (
				34E384661CA115B1004A5A8C /* CDatePickerViewEx */,
				340579331C8EB4E700C79F9D /* SVProgressHUD */,
				345E0B891C9F90F600A52488 /* MJExtension */,
			);
			path = Lib;
			sourceTree = "<group>";
		};
		340579331C8EB4E700C79F9D /* SVProgressHUD */ = {
			isa = PBXGroup;
			children = (
				340579341C8EB4E700C79F9D /* SVIndefiniteAnimatedView.h */,
				340579351C8EB4E700C79F9D /* SVIndefiniteAnimatedView.m */,
				340579361C8EB4E700C79F9D /* SVProgressHUD.bundle */,
				340579371C8EB4E700C79F9D /* SVProgressHUD.h */,
				340579381C8EB4E700C79F9D /* SVProgressHUD.m */,
				340579391C8EB4E700C79F9D /* SVRadialGradientLayer.h */,
				3405793A1C8EB4E700C79F9D /* SVRadialGradientLayer.m */,
			);
			path = SVProgressHUD;
			sourceTree = "<group>";
		};
		344A002C1C75E0D8008281BB = {
			isa = PBXGroup;
			children = (
				344A00371C75E0D8008281BB /* Camille */,
				344A00361C75E0D8008281BB /* Products */,
			);
			sourceTree = "<group>";
		};
		344A00361C75E0D8008281BB /* Products */ = {
			isa = PBXGroup;
			children = (
				344A00351C75E0D8008281BB /* Camille.app */,
			);
			name = Products;
			sourceTree = "<group>";
		};
		344A00371C75E0D8008281BB /* Camille */ = {
			isa = PBXGroup;
			children = (
				34D21C2D1C776CC8004264C2 /* Classes */,
				344A00381C75E0D8008281BB /* Supporting Files */,
			);
			path = Camille;
			sourceTree = "<group>";
		};
		344A00381C75E0D8008281BB /* Supporting Files */ = {
			isa = PBXGroup;
			children = (
				344A00411C75E0D8008281BB /* Main.storyboard */,
				344A00471C75E0D8008281BB /* Assets.xcassets */,
				344A00491C75E0D8008281BB /* LaunchScreen.storyboard */,
				344A004C1C75E0D8008281BB /* Info.plist */,
				34D21C501C776EF4004264C2 /* PrefixHeader.pch */,
			);
			name = "Supporting Files";
			sourceTree = "<group>";
		};
		345E0B891C9F90F600A52488 /* MJExtension */ = {
			isa = PBXGroup;
			children = (
				345E0B8A1C9F90F600A52488 /* MJExtension.h */,
				345E0B8B1C9F90F600A52488 /* MJExtensionConst.h */,
				345E0B8C1C9F90F600A52488 /* MJExtensionConst.m */,
				345E0B8D1C9F90F600A52488 /* MJFoundation.h */,
				345E0B8E1C9F90F600A52488 /* MJFoundation.m */,
				345E0B8F1C9F90F600A52488 /* MJProperty.h */,
				345E0B901C9F90F600A52488 /* MJProperty.m */,
				345E0B911C9F90F600A52488 /* MJPropertyKey.h */,
				345E0B921C9F90F600A52488 /* MJPropertyKey.m */,
				345E0B931C9F90F600A52488 /* MJPropertyType.h */,
				345E0B941C9F90F600A52488 /* MJPropertyType.m */,
				345E0B951C9F90F600A52488 /* NSObject+MJClass.h */,
				345E0B961C9F90F600A52488 /* NSObject+MJClass.m */,
				345E0B971C9F90F600A52488 /* NSObject+MJCoding.h */,
				345E0B981C9F90F600A52488 /* NSObject+MJCoding.m */,
				345E0B991C9F90F600A52488 /* NSObject+MJKeyValue.h */,
				345E0B9A1C9F90F600A52488 /* NSObject+MJKeyValue.m */,
				345E0B9B1C9F90F600A52488 /* NSObject+MJProperty.h */,
				345E0B9C1C9F90F600A52488 /* NSObject+MJProperty.m */,
				345E0B9D1C9F90F600A52488 /* NSString+MJExtension.h */,
				345E0B9E1C9F90F600A52488 /* NSString+MJExtension.m */,
			);
			path = MJExtension;
			sourceTree = "<group>";
		};
		34D21C2D1C776CC8004264C2 /* Classes */ = {
			isa = PBXGroup;
			children = (
				34D21C7E1C7814F3004264C2 /* Public(公共) */,
				34D21C2E1C776CC8004264C2 /* Accounting(记账) */,
				34D21C381C776CC8004264C2 /* Record(记录) */,
			);
			path = Classes;
			sourceTree = "<group>";
		};
		34D21C2E1C776CC8004264C2 /* Accounting(记账) */ = {
			isa = PBXGroup;
			children = (
				34D21C721C78149E004264C2 /* Controller */,
				34D21C751C78149E004264C2 /* Model */,
				34D21C761C78149E004264C2 /* View */,
			);
			path = "Accounting(记账)";
			sourceTree = "<group>";
		};
		34D21C381C776CC8004264C2 /* Record(记录) */ = {
			isa = PBXGroup;
			children = (
				34D21C781C7814CC004264C2 /* Controller */,
				34D21C7B1C7814CC004264C2 /* Model */,
				34D21C7C1C7814CC004264C2 /* View */,
			);
			path = "Record(记录)";
			sourceTree = "<group>";
		};
		34D21C721C78149E004264C2 /* Controller */ = {
			isa = PBXGroup;
			children = (
				34D21C731C78149E004264C2 /* CMLAccountingViewController.h */,
				34D21C741C78149E004264C2 /* CMLAccountingViewController.m */,
				34D21CB21C789991004264C2 /* CMLAccountingViewController.xib */,
				3490A2E91C798D0900DEC138 /* CMLAccountingRegistrationViewController.h */,
				3490A2EA1C798D0900DEC138 /* CMLAccountingRegistrationViewController.m */,
			);
			path = Controller;
			sourceTree = "<group>";
		};
		34D21C751C78149E004264C2 /* Model */ = {
			isa = PBXGroup;
			children = (
			);
			path = Model;
			sourceTree = "<group>";
		};
		34D21C761C78149E004264C2 /* View */ = {
			isa = PBXGroup;
			children = (
				3441D0AC1C7C098A00D6FE0C /* CMLAccountingItemCell.h */,
				3441D0AD1C7C098A00D6FE0C /* CMLAccountingItemCell.m */,
				3441D0AE1C7C098A00D6FE0C /* CMLAccountingItemCell.xib */,
				3441D0B11C7C917C00D6FE0C /* CMLAccountingItemLeftCell.h */,
				3441D0B21C7C917C00D6FE0C /* CMLAccountingItemLeftCell.m */,
				3441D0B31C7C917C00D6FE0C /* CMLAccountingItemLeftCell.xib */,
				3441D0B61C7C919200D6FE0C /* CMLAccountingItemRightCell.h */,
				3441D0B71C7C919200D6FE0C /* CMLAccountingItemRightCell.m */,
				3441D0B81C7C919200D6FE0C /* CMLAccountingItemRightCell.xib */,
				3405792D1C8EA70C00C79F9D /* CMLNewItemAddingView.h */,
				3405792E1C8EA70C00C79F9D /* CMLNewItemAddingView.m */,
				340579301C8EA72000C79F9D /* CMLNewItemAddingView.xib */,
				34FA38931C944A0300A049E8 /* CMLAccountingAmountCell.h */,
				34FA38941C944A0300A049E8 /* CMLAccountingAmountCell.m */,
				34FA38951C944A0300A049E8 /* CMLAccountingAmountCell.xib */,
				34FA38981C95358500A049E8 /* CMLAccountingDateCell.h */,
				34FA38991C95358500A049E8 /* CMLAccountingDateCell.m */,
				34FA389A1C95358500A049E8 /* CMLAccountingDateCell.xib */,
				34FA389D1C96980C00A049E8 /* CMLAccountingDatePickerView.h */,
				34FA389E1C96980C00A049E8 /* CMLAccountingDatePickerView.m */,
				34FA38A01C96981B00A049E8 /* CMLAccountingDatePickerView.xib */,
			);
			path = View;
			sourceTree = "<group>";
		};
		34D21C781C7814CC004264C2 /* Controller */ = {
			isa = PBXGroup;
			children = (
				34D21C791C7814CC004264C2 /* CMLRecordViewController.h */,
				34D21C7A1C7814CC004264C2 /* CMLRecordViewController.m */,
				34340AE31C9FCCAB00FECAD7 /* CMLRecordMonthDetailViewController.h */,
				34340AE41C9FCCAB00FECAD7 /* CMLRecordMonthDetailViewController.m */,
				34431E261CEB48E0001E4A54 /* CMLRecordItemDetailViewController.h */,
				34431E271CEB48E0001E4A54 /* CMLRecordItemDetailViewController.m */,
			);
			path = Controller;
			sourceTree = "<group>";
		};
		34D21C7B1C7814CC004264C2 /* Model */ = {
			isa = PBXGroup;
			children = (
				345E0B661C9EE4C300A52488 /* CMLRecordCellModel.h */,
				345E0B671C9EE4C300A52488 /* CMLRecordCellModel.m */,
				34EA4B081CAEA63F0075B09E /* CMLRecordMonthDetailModel.h */,
				34EA4B091CAEA63F0075B09E /* CMLRecordMonthDetailModel.m */,
			);
			path = Model;
			sourceTree = "<group>";
		};
		34D21C7C1C7814CC004264C2 /* View */ = {
			isa = PBXGroup;
			children = (
				345E0B611C9EE45100A52488 /* CMLRecordCell.h */,
				345E0B621C9EE45100A52488 /* CMLRecordCell.m */,
				345E0B631C9EE45100A52488 /* CMLRecordCell.xib */,
				34340AE61C9FD02300FECAD7 /* CMLRecordDetailHeaderView.h */,
				34340AE71C9FD02300FECAD7 /* CMLRecordDetailHeaderView.m */,
				34340AE91C9FD02E00FECAD7 /* CMLRecordDetailHeaderView.xib */,
				34340AEB1C9FDD1D00FECAD7 /* CMLRecordDetailSectionHeaderView.h */,
				34340AEC1C9FDD1D00FECAD7 /* CMLRecordDetailSectionHeaderView.m */,
				34340AEE1C9FDD2600FECAD7 /* CMLRecordDetailSectionHeaderView.xib */,
				34340AF01C9FEE3500FECAD7 /* CMLRecordDetailCell.h */,
				34340AF11C9FEE3500FECAD7 /* CMLRecordDetailCell.m */,
				34340AF21C9FEE3500FECAD7 /* CMLRecordDetailCell.xib */,
				34340AF51C9FF57E00FECAD7 /* CMLRecordDetailDatePickerView.h */,
				34340AF61C9FF57E00FECAD7 /* CMLRecordDetailDatePickerView.m */,
				34340AF71C9FF57E00FECAD7 /* CMLRecordDetailDatePickerView.xib */,
			);
			path = View;
			sourceTree = "<group>";
		};
		34D21C7E1C7814F3004264C2 /* Public(公共) */ = {
			isa = PBXGroup;
			children = (
				34D21C821C7814F3004264C2 /* Main */,
				34D21C981C78892E004264C2 /* Model */,
				34D21C9C1C788938004264C2 /* View */,
				34D21C9D1C788940004264C2 /* Controller */,
				34D21C8B1C7814F3004264C2 /* Tools */,
				34D21CA11C788948004264C2 /* Category */,
				340579321C8EB4E700C79F9D /* Lib */,
				34D21C8A1C7814F3004264C2 /* Other */,
			);
			path = "Public(公共)";
			sourceTree = "<group>";
		};
		34D21C821C7814F3004264C2 /* Main */ = {
			isa = PBXGroup;
			children = (
				34D21C831C7814F3004264C2 /* AppDelegate.h */,
				34D21C841C7814F3004264C2 /* AppDelegate.m */,
				34D21C851C7814F3004264C2 /* CMLConstant.h */,
				34D21C861C7814F3004264C2 /* main.m */,
			);
			path = Main;
			sourceTree = "<group>";
		};
		34D21C8A1C7814F3004264C2 /* Other */ = {
			isa = PBXGroup;
			children = (
			);
			path = Other;
			sourceTree = "<group>";
		};
		34D21C8B1C7814F3004264C2 /* Tools */ = {
			isa = PBXGroup;
			children = (
				34D21C8C1C7814F3004264C2 /* CMLTool.h */,
				34D21C8D1C7814F3004264C2 /* CMLTool.m */,
				34E3846A1CA12576004A5A8C /* CMLTool+NSDate.h */,
				34E3846B1CA12576004A5A8C /* CMLTool+NSDate.m */,
				3499BDC11C82D60C004EE4BD /* CMLCoreDataAccess.h */,
				3499BDC21C82D60C004EE4BD /* CMLCoreDataAccess.m */,
				3499BDC41C82D8F2004EE4BD /* CMLResponse.h */,
				3499BDC51C82D8F2004EE4BD /* CMLResponse.m */,
			);
			path = Tools;
			sourceTree = "<group>";
		};
		34D21C981C78892E004264C2 /* Model */ = {
			isa = PBXGroup;
			children = (
				34D21C991C78892E004264C2 /* Camille.xcdatamodeld */,
				3499BE0B1C84144D004EE4BD /* CMLItemCategory+CoreDataProperties.h */,
				3499BE0C1C84144D004EE4BD /* CMLItemCategory+CoreDataProperties.m */,
				3499BE0D1C84144D004EE4BD /* CMLItemCategory.h */,
				3499BE0E1C84144D004EE4BD /* CMLItemCategory.m */,
				3499BE0F1C84144D004EE4BD /* CMLItem+CoreDataProperties.h */,
				3499BE101C84144D004EE4BD /* CMLItem+CoreDataProperties.m */,
				3499BE111C84144D004EE4BD /* CMLItem.h */,
				3499BE121C84144D004EE4BD /* CMLItem.m */,
				3499BE131C84144D004EE4BD /* CMLAccounting+CoreDataProperties.h */,
				3499BE141C84144D004EE4BD /* CMLAccounting+CoreDataProperties.m */,
				3499BE151C84144D004EE4BD /* CMLAccounting.h */,
				3499BE161C84144D004EE4BD /* CMLAccounting.m */,
			);
			path = Model;
			sourceTree = "<group>";
		};
		34D21C9C1C788938004264C2 /* View */ = {
			isa = PBXGroup;
			children = (
			);
			path = View;
			sourceTree = "<group>";
		};
		34D21C9D1C788940004264C2 /* Controller */ = {
			isa = PBXGroup;
			children = (
				34D21CAA1C789085004264C2 /* CMLTabBarController.h */,
				34D21CAB1C789085004264C2 /* CMLTabBarController.m */,
				34D21CAD1C7890AE004264C2 /* CMLNavigationController.h */,
				34D21CAE1C7890AE004264C2 /* CMLNavigationController.m */,
			);
			path = Controller;
			sourceTree = "<group>";
		};
		34D21CA11C788948004264C2 /* Category */ = {
			isa = PBXGroup;
			children = (
				34D21CA21C788948004264C2 /* UIView+Extension.h */,
				34D21CA31C788948004264C2 /* UIView+Extension.m */,
				34D21CA71C788A28004264C2 /* UIBarButtonItem+Extension.h */,
				34D21CA81C788A28004264C2 /* UIBarButtonItem+Extension.m */,
			);
			path = Category;
			sourceTree = "<group>";
		};
		34E384661CA115B1004A5A8C /* CDatePickerViewEx */ = {
			isa = PBXGroup;
			children = (
				34E384671CA115B1004A5A8C /* CDatePickerViewEx.h */,
				34E384681CA115B1004A5A8C /* CDatePickerViewEx.m */,
			);
			path = CDatePickerViewEx;
			sourceTree = "<group>";
		};
/* End PBXGroup section */

/* Begin PBXNativeTarget section */
		344A00341C75E0D8008281BB /* Camille */ = {
			isa = PBXNativeTarget;
			buildConfigurationList = 344A004F1C75E0D8008281BB /* Build configuration list for PBXNativeTarget "Camille" */;
			buildPhases = (
				344A00311C75E0D8008281BB /* Sources */,
				344A00321C75E0D8008281BB /* Frameworks */,
				344A00331C75E0D8008281BB /* Resources */,
			);
			buildRules = (
			);
			dependencies = (
			);
			name = Camille;
			productName = Camille;
			productReference = 344A00351C75E0D8008281BB /* Camille.app */;
			productType = "com.apple.product-type.application";
		};
/* End PBXNativeTarget section */

/* Begin PBXProject section */
		344A002D1C75E0D8008281BB /* Project object */ = {
			isa = PBXProject;
			attributes = {
				LastUpgradeCheck = 0720;
				ORGANIZATIONNAME = shayneyeorg;
				TargetAttributes = {
					344A00341C75E0D8008281BB = {
						CreatedOnToolsVersion = 7.2.1;
						DevelopmentTeam = NTNCV84L5J;
					};
				};
			};
			buildConfigurationList = 344A00301C75E0D8008281BB /* Build configuration list for PBXProject "Camille" */;
			compatibilityVersion = "Xcode 3.2";
			developmentRegion = English;
			hasScannedForEncodings = 0;
			knownRegions = (
				en,
				Base,
			);
			mainGroup = 344A002C1C75E0D8008281BB;
			productRefGroup = 344A00361C75E0D8008281BB /* Products */;
			projectDirPath = "";
			projectRoot = "";
			targets = (
				344A00341C75E0D8008281BB /* Camille */,
			);
		};
/* End PBXProject section */

/* Begin PBXResourcesBuildPhase section */
		344A00331C75E0D8008281BB /* Resources */ = {
			isa = PBXResourcesBuildPhase;
			buildActionMask = 2147483647;
			files = (
				340579311C8EA72000C79F9D /* CMLNewItemAddingView.xib in Resources */,
				34FA38971C944A0300A049E8 /* CMLAccountingAmountCell.xib in Resources */,
				3405793C1C8EB4E700C79F9D /* SVProgressHUD.bundle in Resources */,
				344A004B1C75E0D8008281BB /* LaunchScreen.storyboard in Resources */,
				344A00481C75E0D8008281BB /* Assets.xcassets in Resources */,
				3441D0BA1C7C919200D6FE0C /* CMLAccountingItemRightCell.xib in Resources */,
				34340AF41C9FEE3500FECAD7 /* CMLRecordDetailCell.xib in Resources */,
				34340AF91C9FF57E00FECAD7 /* CMLRecordDetailDatePickerView.xib in Resources */,
				3441D0B01C7C098A00D6FE0C /* CMLAccountingItemCell.xib in Resources */,
				345E0B651C9EE45100A52488 /* CMLRecordCell.xib in Resources */,
				3441D0B51C7C917C00D6FE0C /* CMLAccountingItemLeftCell.xib in Resources */,
				34340AEF1C9FDD2600FECAD7 /* CMLRecordDetailSectionHeaderView.xib in Resources */,
				34D21CB31C789991004264C2 /* CMLAccountingViewController.xib in Resources */,
				34340AEA1C9FD02E00FECAD7 /* CMLRecordDetailHeaderView.xib in Resources */,
				34FA389C1C95358500A049E8 /* CMLAccountingDateCell.xib in Resources */,
				34FA38A11C96981B00A049E8 /* CMLAccountingDatePickerView.xib in Resources */,
				344A00431C75E0D8008281BB /* Main.storyboard in Resources */,
			);
			runOnlyForDeploymentPostprocessing = 0;
		};
/* End PBXResourcesBuildPhase section */

/* Begin PBXSourcesBuildPhase section */
		344A00311C75E0D8008281BB /* Sources */ = {
			isa = PBXSourcesBuildPhase;
			buildActionMask = 2147483647;
			files = (
				34D21C931C7814F3004264C2 /* CMLTool.m in Sources */,
				34EA4B0A1CAEA63F0075B09E /* CMLRecordMonthDetailModel.m in Sources */,
				34D21C9B1C78892E004264C2 /* Camille.xcdatamodeld in Sources */,
				3490A2EC1C798D0900DEC138 /* CMLAccountingRegistrationViewController.m in Sources */,
				34431E281CEB48E0001E4A54 /* CMLRecordItemDetailViewController.m in Sources */,
				3499BE171C84144D004EE4BD /* CMLItemCategory+CoreDataProperties.m in Sources */,
				345E0BA81C9F90F600A52488 /* NSString+MJExtension.m in Sources */,
				34FA389F1C96980C00A049E8 /* CMLAccountingDatePickerView.m in Sources */,
				34340AE81C9FD02300FECAD7 /* CMLRecordDetailHeaderView.m in Sources */,
				34340AE51C9FCCAB00FECAD7 /* CMLRecordMonthDetailViewController.m in Sources */,
				345E0B641C9EE45100A52488 /* CMLRecordCell.m in Sources */,
				3405792F1C8EA70C00C79F9D /* CMLNewItemAddingView.m in Sources */,
				345E0BA71C9F90F600A52488 /* NSObject+MJProperty.m in Sources */,
				345E0BA11C9F90F600A52488 /* MJProperty.m in Sources */,
				3499BE191C84144D004EE4BD /* CMLItem+CoreDataProperties.m in Sources */,
				345E0BA31C9F90F600A52488 /* MJPropertyType.m in Sources */,
				345E0B9F1C9F90F600A52488 /* MJExtensionConst.m in Sources */,
				3441D0B91C7C919200D6FE0C /* CMLAccountingItemRightCell.m in Sources */,
				3499BE181C84144D004EE4BD /* CMLItemCategory.m in Sources */,
				345E0BA41C9F90F600A52488 /* NSObject+MJClass.m in Sources */,
				34340AF81C9FF57E00FECAD7 /* CMLRecordDetailDatePickerView.m in Sources */,
				34D21C911C7814F3004264C2 /* main.m in Sources */,
				345E0BA01C9F90F600A52488 /* MJFoundation.m in Sources */,
				3405793E1C8EB4E700C79F9D /* SVRadialGradientLayer.m in Sources */,
				34D21C901C7814F3004264C2 /* AppDelegate.m in Sources */,
				34D21C7D1C7814CC004264C2 /* CMLRecordViewController.m in Sources */,
				3405793B1C8EB4E700C79F9D /* SVIndefiniteAnimatedView.m in Sources */,
				3405793D1C8EB4E700C79F9D /* SVProgressHUD.m in Sources */,
				34FA38961C944A0300A049E8 /* CMLAccountingAmountCell.m in Sources */,
				34FA389B1C95358500A049E8 /* CMLAccountingDateCell.m in Sources */,
				3441D0B41C7C917C00D6FE0C /* CMLAccountingItemLeftCell.m in Sources */,
				345E0BA21C9F90F600A52488 /* MJPropertyKey.m in Sources */,
				3499BDC61C82D8F2004EE4BD /* CMLResponse.m in Sources */,
				34D21CA91C788A28004264C2 /* UIBarButtonItem+Extension.m in Sources */,
				34D21CA41C788948004264C2 /* UIView+Extension.m in Sources */,
				345E0BA61C9F90F600A52488 /* NSObject+MJKeyValue.m in Sources */,
				345E0B681C9EE4C300A52488 /* CMLRecordCellModel.m in Sources */,
				34E384691CA115B1004A5A8C /* CDatePickerViewEx.m in Sources */,
				3441D0AF1C7C098A00D6FE0C /* CMLAccountingItemCell.m in Sources */,
				34D21CAC1C789085004264C2 /* CMLTabBarController.m in Sources */,
				34340AED1C9FDD1D00FECAD7 /* CMLRecordDetailSectionHeaderView.m in Sources */,
				3499BDC31C82D60C004EE4BD /* CMLCoreDataAccess.m in Sources */,
				34D21CAF1C7890AE004264C2 /* CMLNavigationController.m in Sources */,
				3499BE1B1C84144D004EE4BD /* CMLAccounting+CoreDataProperties.m in Sources */,
				34340AF31C9FEE3500FECAD7 /* CMLRecordDetailCell.m in Sources */,
				345E0BA51C9F90F600A52488 /* NSObject+MJCoding.m in Sources */,
				3499BE1C1C84144D004EE4BD /* CMLAccounting.m in Sources */,
				34D21C771C78149E004264C2 /* CMLAccountingViewController.m in Sources */,
				3499BE1A1C84144D004EE4BD /* CMLItem.m in Sources */,
				34E3846C1CA12576004A5A8C /* CMLTool+NSDate.m in Sources */,
			);
			runOnlyForDeploymentPostprocessing = 0;
		};
/* End PBXSourcesBuildPhase section */

/* Begin PBXVariantGroup section */
		344A00411C75E0D8008281BB /* Main.storyboard */ = {
			isa = PBXVariantGroup;
			children = (
				344A00421C75E0D8008281BB /* Base */,
			);
			name = Main.storyboard;
			sourceTree = "<group>";
		};
		344A00491C75E0D8008281BB /* LaunchScreen.storyboard */ = {
			isa = PBXVariantGroup;
			children = (
				344A004A1C75E0D8008281BB /* Base */,
			);
			name = LaunchScreen.storyboard;
			sourceTree = "<group>";
		};
/* End PBXVariantGroup section */

/* Begin XCBuildConfiguration section */
		344A004D1C75E0D8008281BB /* Debug */ = {
			isa = XCBuildConfiguration;
			buildSettings = {
				ALWAYS_SEARCH_USER_PATHS = NO;
				CLANG_CXX_LANGUAGE_STANDARD = "gnu++0x";
				CLANG_CXX_LIBRARY = "libc++";
				CLANG_ENABLE_MODULES = YES;
				CLANG_ENABLE_OBJC_ARC = YES;
				CLANG_WARN_BOOL_CONVERSION = YES;
				CLANG_WARN_CONSTANT_CONVERSION = YES;
				CLANG_WARN_DIRECT_OBJC_ISA_USAGE = YES_ERROR;
				CLANG_WARN_EMPTY_BODY = YES;
				CLANG_WARN_ENUM_CONVERSION = YES;
				CLANG_WARN_INT_CONVERSION = YES;
				CLANG_WARN_OBJC_ROOT_CLASS = YES_ERROR;
				CLANG_WARN_UNREACHABLE_CODE = YES;
				CLANG_WARN__DUPLICATE_METHOD_MATCH = YES;
				"CODE_SIGN_IDENTITY[sdk=iphoneos*]" = "iPhone Developer";
				COPY_PHASE_STRIP = NO;
				DEBUG_INFORMATION_FORMAT = dwarf;
				ENABLE_STRICT_OBJC_MSGSEND = YES;
				ENABLE_TESTABILITY = YES;
				GCC_C_LANGUAGE_STANDARD = gnu99;
				GCC_DYNAMIC_NO_PIC = NO;
				GCC_NO_COMMON_BLOCKS = YES;
				GCC_OPTIMIZATION_LEVEL = 0;
				GCC_PRECOMPILE_PREFIX_HEADER = NO;
				GCC_PREFIX_HEADER = "";
				GCC_PREPROCESSOR_DEFINITIONS = (
					"DEBUG=1",
					"$(inherited)",
				);
				GCC_WARN_64_TO_32_BIT_CONVERSION = YES;
				GCC_WARN_ABOUT_RETURN_TYPE = YES_ERROR;
				GCC_WARN_UNDECLARED_SELECTOR = YES;
				GCC_WARN_UNINITIALIZED_AUTOS = YES_AGGRESSIVE;
				GCC_WARN_UNUSED_FUNCTION = YES;
				GCC_WARN_UNUSED_VARIABLE = YES;
				IPHONEOS_DEPLOYMENT_TARGET = 9.2;
				MTL_ENABLE_DEBUG_INFO = YES;
				ONLY_ACTIVE_ARCH = YES;
				PROVISIONING_PROFILE = "0645ba1b-b64d-4912-a9ac-9ed8f599a865";
				SDKROOT = iphoneos;
			};
			name = Debug;
		};
		344A004E1C75E0D8008281BB /* Release */ = {
			isa = XCBuildConfiguration;
			buildSettings = {
				ALWAYS_SEARCH_USER_PATHS = NO;
				CLANG_CXX_LANGUAGE_STANDARD = "gnu++0x";
				CLANG_CXX_LIBRARY = "libc++";
				CLANG_ENABLE_MODULES = YES;
				CLANG_ENABLE_OBJC_ARC = YES;
				CLANG_WARN_BOOL_CONVERSION = YES;
				CLANG_WARN_CONSTANT_CONVERSION = YES;
				CLANG_WARN_DIRECT_OBJC_ISA_USAGE = YES_ERROR;
				CLANG_WARN_EMPTY_BODY = YES;
				CLANG_WARN_ENUM_CONVERSION = YES;
				CLANG_WARN_INT_CONVERSION = YES;
				CLANG_WARN_OBJC_ROOT_CLASS = YES_ERROR;
				CLANG_WARN_UNREACHABLE_CODE = YES;
				CLANG_WARN__DUPLICATE_METHOD_MATCH = YES;
				"CODE_SIGN_IDENTITY[sdk=iphoneos*]" = "iPhone Developer";
				COPY_PHASE_STRIP = NO;
				DEBUG_INFORMATION_FORMAT = "dwarf-with-dsym";
				ENABLE_NS_ASSERTIONS = NO;
				ENABLE_STRICT_OBJC_MSGSEND = YES;
				GCC_C_LANGUAGE_STANDARD = gnu99;
				GCC_NO_COMMON_BLOCKS = YES;
				GCC_PRECOMPILE_PREFIX_HEADER = NO;
				GCC_PREFIX_HEADER = "";
				GCC_WARN_64_TO_32_BIT_CONVERSION = YES;
				GCC_WARN_ABOUT_RETURN_TYPE = YES_ERROR;
				GCC_WARN_UNDECLARED_SELECTOR = YES;
				GCC_WARN_UNINITIALIZED_AUTOS = YES_AGGRESSIVE;
				GCC_WARN_UNUSED_FUNCTION = YES;
				GCC_WARN_UNUSED_VARIABLE = YES;
				IPHONEOS_DEPLOYMENT_TARGET = 9.2;
				MTL_ENABLE_DEBUG_INFO = NO;
				PROVISIONING_PROFILE = "0645ba1b-b64d-4912-a9ac-9ed8f599a865";
				SDKROOT = iphoneos;
				VALIDATE_PRODUCT = YES;
			};
			name = Release;
		};
		344A00501C75E0D8008281BB /* Debug */ = {
			isa = XCBuildConfiguration;
			buildSettings = {
				ASSETCATALOG_COMPILER_APPICON_NAME = AppIcon;
				CODE_SIGN_IDENTITY = "iPhone Developer";
				"CODE_SIGN_IDENTITY[sdk=iphoneos*]" = "iPhone Developer";
				GCC_PRECOMPILE_PREFIX_HEADER = NO;
				GCC_PREFIX_HEADER = "$(SRCROOT)/Camille/PrefixHeader.pch";
				INFOPLIST_FILE = Camille/Info.plist;
				IPHONEOS_DEPLOYMENT_TARGET = 7.0;
				LD_RUNPATH_SEARCH_PATHS = "$(inherited) @executable_path/Frameworks";
				PRODUCT_BUNDLE_IDENTIFIER = com.shayneyeorg.camille;
				PRODUCT_NAME = "$(TARGET_NAME)";
				PROVISIONING_PROFILE = "";
			};
			name = Debug;
		};
		344A00511C75E0D8008281BB /* Release */ = {
			isa = XCBuildConfiguration;
			buildSettings = {
				ASSETCATALOG_COMPILER_APPICON_NAME = AppIcon;
				CODE_SIGN_IDENTITY = "iPhone Developer";
				"CODE_SIGN_IDENTITY[sdk=iphoneos*]" = "iPhone Developer";
				GCC_PRECOMPILE_PREFIX_HEADER = NO;
				GCC_PREFIX_HEADER = "$(SRCROOT)/Camille/PrefixHeader.pch";
				INFOPLIST_FILE = Camille/Info.plist;
				IPHONEOS_DEPLOYMENT_TARGET = 7.0;
				LD_RUNPATH_SEARCH_PATHS = "$(inherited) @executable_path/Frameworks";
				PRODUCT_BUNDLE_IDENTIFIER = com.shayneyeorg.camille;
				PRODUCT_NAME = "$(TARGET_NAME)";
				PROVISIONING_PROFILE = "";
			};
			name = Release;
		};
/* End XCBuildConfiguration section */

/* Begin XCConfigurationList section */
		344A00301C75E0D8008281BB /* Build configuration list for PBXProject "Camille" */ = {
			isa = XCConfigurationList;
			buildConfigurations = (
				344A004D1C75E0D8008281BB /* Debug */,
				344A004E1C75E0D8008281BB /* Release */,
			);
			defaultConfigurationIsVisible = 0;
			defaultConfigurationName = Release;
		};
		344A004F1C75E0D8008281BB /* Build configuration list for PBXNativeTarget "Camille" */ = {
			isa = XCConfigurationList;
			buildConfigurations = (
				344A00501C75E0D8008281BB /* Debug */,
				344A00511C75E0D8008281BB /* Release */,
			);
			defaultConfigurationIsVisible = 0;
			defaultConfigurationName = Release;
		};
/* End XCConfigurationList section */

/* Begin XCVersionGroup section */
		34D21C991C78892E004264C2 /* Camille.xcdatamodeld */ = {
			isa = XCVersionGroup;
			children = (
				34D21C9A1C78892E004264C2 /* Camille.xcdatamodel */,
			);
			currentVersion = 34D21C9A1C78892E004264C2 /* Camille.xcdatamodel */;
			path = Camille.xcdatamodeld;
			sourceTree = "<group>";
			versionGroupType = wrapper.xcdatamodel;
		};
/* End XCVersionGroup section */
	};
	rootObject = 344A002D1C75E0D8008281BB /* Project object */;
}
