// !$*UTF8*$!
{
	archiveVersion = 1;
	classes = {
	};
	objectVersion = 46;
	objects = {

/* Begin PBXBuildFile section */
		3405792F1C8EA70C00C79F9D /* CMLNewItemAddingView.m in Sources */ = {isa = PBXBuildFile; fileRef = 3405792E1C8EA70C00C79F9D /* CMLNewItemAddingView.m */; };
		340579311C8EA72000C79F9D /* CMLNewItemAddingView.xib in Resources */ = {isa = PBXBuildFile; fileRef = 340579301C8EA72000C79F9D /* CMLNewItemAddingView.xib */; };
		3441D0AF1C7C098A00D6FE0C /* CMLAccountingItemCell.m in Sources */ = {isa = PBXBuildFile; fileRef = 3441D0AD1C7C098A00D6FE0C /* CMLAccountingItemCell.m */; };
		3441D0B01C7C098A00D6FE0C /* CMLAccountingItemCell.xib in Resources */ = {isa = PBXBuildFile; fileRef = 3441D0AE1C7C098A00D6FE0C /* CMLAccountingItemCell.xib */; };
		3441D0B41C7C917C00D6FE0C /* CMLAccountingItemLeftCell.m in Sources */ = {isa = PBXBuildFile; fileRef = 3441D0B21C7C917C00D6FE0C /* CMLAccountingItemLeftCell.m */; };
		3441D0B51C7C917C00D6FE0C /* CMLAccountingItemLeftCell.xib in Resources */ = {isa = PBXBuildFile; fileRef = 3441D0B31C7C917C00D6FE0C /* CMLAccountingItemLeftCell.xib */; };
		3441D0B91C7C919200D6FE0C /* CMLAccountingItemRightCell.m in Sources */ = {isa = PBXBuildFile; fileRef = 3441D0B71C7C919200D6FE0C /* CMLAccountingItemRightCell.m */; };
		3441D0BA1C7C919200D6FE0C /* CMLAccountingItemRightCell.xib in Resources */ = {isa = PBXBuildFile; fileRef = 3441D0B81C7C919200D6FE0C /* CMLAccountingItemRightCell.xib */; };
		344A00431C75E0D8008281BB /* Main.storyboard in Resources */ = {isa = PBXBuildFile; fileRef = 344A00411C75E0D8008281BB /* Main.storyboard */; };
		344A00481C75E0D8008281BB /* Assets.xcassets in Resources */ = {isa = PBXBuildFile; fileRef = 344A00471C75E0D8008281BB /* Assets.xcassets */; };
		344A004B1C75E0D8008281BB /* LaunchScreen.storyboard in Resources */ = {isa = PBXBuildFile; fileRef = 344A00491C75E0D8008281BB /* LaunchScreen.storyboard */; };
		3490A2EC1C798D0900DEC138 /* CMLAccountingRegistrationViewController.m in Sources */ = {isa = PBXBuildFile; fileRef = 3490A2EA1C798D0900DEC138 /* CMLAccountingRegistrationViewController.m */; };
		3499BDC31C82D60C004EE4BD /* CMLCoreDataAccess.m in Sources */ = {isa = PBXBuildFile; fileRef = 3499BDC21C82D60C004EE4BD /* CMLCoreDataAccess.m */; };
		3499BDC61C82D8F2004EE4BD /* CMLResponse.m in Sources */ = {isa = PBXBuildFile; fileRef = 3499BDC51C82D8F2004EE4BD /* CMLResponse.m */; };
		3499BE171C84144D004EE4BD /* CMLItemCategory+CoreDataProperties.m in Sources */ = {isa = PBXBuildFile; fileRef = 3499BE0C1C84144D004EE4BD /* CMLItemCategory+CoreDataProperties.m */; };
		3499BE181C84144D004EE4BD /* CMLItemCategory.m in Sources */ = {isa = PBXBuildFile; fileRef = 3499BE0E1C84144D004EE4BD /* CMLItemCategory.m */; };
		3499BE191C84144D004EE4BD /* CMLItem+CoreDataProperties.m in Sources */ = {isa = PBXBuildFile; fileRef = 3499BE101C84144D004EE4BD /* CMLItem+CoreDataProperties.m */; };
		3499BE1A1C84144D004EE4BD /* CMLItem.m in Sources */ = {isa = PBXBuildFile; fileRef = 3499BE121C84144D004EE4BD /* CMLItem.m */; };
		3499BE1B1C84144D004EE4BD /* CMLAccounting+CoreDataProperties.m in Sources */ = {isa = PBXBuildFile; fileRef = 3499BE141C84144D004EE4BD /* CMLAccounting+CoreDataProperties.m */; };
		3499BE1C1C84144D004EE4BD /* CMLAccounting.m in Sources */ = {isa = PBXBuildFile; fileRef = 3499BE161C84144D004EE4BD /* CMLAccounting.m */; };
		34D21C771C78149E004264C2 /* CMLAccountingViewController.m in Sources */ = {isa = PBXBuildFile; fileRef = 34D21C741C78149E004264C2 /* CMLAccountingViewController.m */; };
		34D21C7D1C7814CC004264C2 /* CMLRecordViewController.m in Sources */ = {isa = PBXBuildFile; fileRef = 34D21C7A1C7814CC004264C2 /* CMLRecordViewController.m */; };
		34D21C901C7814F3004264C2 /* AppDelegate.m in Sources */ = {isa = PBXBuildFile; fileRef = 34D21C841C7814F3004264C2 /* AppDelegate.m */; };
		34D21C911C7814F3004264C2 /* main.m in Sources */ = {isa = PBXBuildFile; fileRef = 34D21C861C7814F3004264C2 /* main.m */; };
		34D21C931C7814F3004264C2 /* CMLTool.m in Sources */ = {isa = PBXBuildFile; fileRef = 34D21C8D1C7814F3004264C2 /* CMLTool.m */; };
		34D21C9B1C78892E004264C2 /* Camille.xcdatamodeld in Sources */ = {isa = PBXBuildFile; fileRef = 34D21C991C78892E004264C2 /* Camille.xcdatamodeld */; };
		34D21CA41C788948004264C2 /* UIView+Extension.m in Sources */ = {isa = PBXBuildFile; fileRef = 34D21CA31C788948004264C2 /* UIView+Extension.m */; };
		34D21CA91C788A28004264C2 /* UIBarButtonItem+Extension.m in Sources */ = {isa = PBXBuildFile; fileRef = 34D21CA81C788A28004264C2 /* UIBarButtonItem+Extension.m */; };
		34D21CAC1C789085004264C2 /* CMLTabBarController.m in Sources */ = {isa = PBXBuildFile; fileRef = 34D21CAB1C789085004264C2 /* CMLTabBarController.m */; };
		34D21CAF1C7890AE004264C2 /* CMLNavigationController.m in Sources */ = {isa = PBXBuildFile; fileRef = 34D21CAE1C7890AE004264C2 /* CMLNavigationController.m */; };
		34D21CB31C789991004264C2 /* CMLAccountingViewController.xib in Resources */ = {isa = PBXBuildFile; fileRef = 34D21CB21C789991004264C2 /* CMLAccountingViewController.xib */; };
/* End PBXBuildFile section */

/* Begin PBXFileReference section */
		3405792D1C8EA70C00C79F9D /* CMLNewItemAddingView.h */ = {isa = PBXFileReference; fileEncoding = 4; lastKnownFileType = sourcecode.c.h; path = CMLNewItemAddingView.h; sourceTree = "<group>"; };
		3405792E1C8EA70C00C79F9D /* CMLNewItemAddingView.m */ = {isa = PBXFileReference; fileEncoding = 4; lastKnownFileType = sourcecode.c.objc; path = CMLNewItemAddingView.m; sourceTree = "<group>"; };
		340579301C8EA72000C79F9D /* CMLNewItemAddingView.xib */ = {isa = PBXFileReference; fileEncoding = 4; lastKnownFileType = file.xib; path = CMLNewItemAddingView.xib; sourceTree = "<group>"; };
		3441D0AC1C7C098A00D6FE0C /* CMLAccountingItemCell.h */ = {isa = PBXFileReference; fileEncoding = 4; lastKnownFileType = sourcecode.c.h; path = CMLAccountingItemCell.h; sourceTree = "<group>"; };
		3441D0AD1C7C098A00D6FE0C /* CMLAccountingItemCell.m */ = {isa = PBXFileReference; fileEncoding = 4; lastKnownFileType = sourcecode.c.objc; path = CMLAccountingItemCell.m; sourceTree = "<group>"; };
		3441D0AE1C7C098A00D6FE0C /* CMLAccountingItemCell.xib */ = {isa = PBXFileReference; fileEncoding = 4; lastKnownFileType = file.xib; path = CMLAccountingItemCell.xib; sourceTree = "<group>"; };
		3441D0B11C7C917C00D6FE0C /* CMLAccountingItemLeftCell.h */ = {isa = PBXFileReference; fileEncoding = 4; lastKnownFileType = sourcecode.c.h; path = CMLAccountingItemLeftCell.h; sourceTree = "<group>"; };
		3441D0B21C7C917C00D6FE0C /* CMLAccountingItemLeftCell.m */ = {isa = PBXFileReference; fileEncoding = 4; lastKnownFileType = sourcecode.c.objc; path = CMLAccountingItemLeftCell.m; sourceTree = "<group>"; };
		3441D0B31C7C917C00D6FE0C /* CMLAccountingItemLeftCell.xib */ = {isa = PBXFileReference; fileEncoding = 4; lastKnownFileType = file.xib; path = CMLAccountingItemLeftCell.xib; sourceTree = "<group>"; };
		3441D0B61C7C919200D6FE0C /* CMLAccountingItemRightCell.h */ = {isa = PBXFileReference; fileEncoding = 4; lastKnownFileType = sourcecode.c.h; path = CMLAccountingItemRightCell.h; sourceTree = "<group>"; };
		3441D0B71C7C919200D6FE0C /* CMLAccountingItemRightCell.m */ = {isa = PBXFileReference; fileEncoding = 4; lastKnownFileType = sourcecode.c.objc; path = CMLAccountingItemRightCell.m; sourceTree = "<group>"; };
		3441D0B81C7C919200D6FE0C /* CMLAccountingItemRightCell.xib */ = {isa = PBXFileReference; fileEncoding = 4; lastKnownFileType = file.xib; path = CMLAccountingItemRightCell.xib; sourceTree = "<group>"; };
		344A00351C75E0D8008281BB /* Camille.app */ = {isa = PBXFileReference; explicitFileType = wrapper.application; includeInIndex = 0; path = Camille.app; sourceTree = BUILT_PRODUCTS_DIR; };
		344A00421C75E0D8008281BB /* Base */ = {isa = PBXFileReference; lastKnownFileType = file.storyboard; name = Base; path = Base.lproj/Main.storyboard; sourceTree = "<group>"; };
		344A00471C75E0D8008281BB /* Assets.xcassets */ = {isa = PBXFileReference; lastKnownFileType = folder.assetcatalog; path = Assets.xcassets; sourceTree = "<group>"; };
		344A004A1C75E0D8008281BB /* Base */ = {isa = PBXFileReference; lastKnownFileType = file.storyboard; name = Base; path = Base.lproj/LaunchScreen.storyboard; sourceTree = "<group>"; };
		344A004C1C75E0D8008281BB /* Info.plist */ = {isa = PBXFileReference; lastKnownFileType = text.plist.xml; path = Info.plist; sourceTree = "<group>"; };
		3490A2E91C798D0900DEC138 /* CMLAccountingRegistrationViewController.h */ = {isa = PBXFileReference; fileEncoding = 4; lastKnownFileType = sourcecode.c.h; path = CMLAccountingRegistrationViewController.h; sourceTree = "<group>"; };
		3490A2EA1C798D0900DEC138 /* CMLAccountingRegistrationViewController.m */ = {isa = PBXFileReference; fileEncoding = 4; lastKnownFileType = sourcecode.c.objc; path = CMLAccountingRegistrationViewController.m; sourceTree = "<group>"; };
		3499BDC11C82D60C004EE4BD /* CMLCoreDataAccess.h */ = {isa = PBXFileReference; fileEncoding = 4; lastKnownFileType = sourcecode.c.h; path = CMLCoreDataAccess.h; sourceTree = "<group>"; };
		3499BDC21C82D60C004EE4BD /* CMLCoreDataAccess.m */ = {isa = PBXFileReference; fileEncoding = 4; lastKnownFileType = sourcecode.c.objc; path = CMLCoreDataAccess.m; sourceTree = "<group>"; };
		3499BDC41C82D8F2004EE4BD /* CMLResponse.h */ = {isa = PBXFileReference; fileEncoding = 4; lastKnownFileType = sourcecode.c.h; path = CMLResponse.h; sourceTree = "<group>"; };
		3499BDC51C82D8F2004EE4BD /* CMLResponse.m */ = {isa = PBXFileReference; fileEncoding = 4; lastKnownFileType = sourcecode.c.objc; path = CMLResponse.m; sourceTree = "<group>"; };
		3499BE0B1C84144D004EE4BD /* CMLItemCategory+CoreDataProperties.h */ = {isa = PBXFileReference; fileEncoding = 4; lastKnownFileType = sourcecode.c.h; path = "CMLItemCategory+CoreDataProperties.h"; sourceTree = "<group>"; };
		3499BE0C1C84144D004EE4BD /* CMLItemCategory+CoreDataProperties.m */ = {isa = PBXFileReference; fileEncoding = 4; lastKnownFileType = sourcecode.c.objc; path = "CMLItemCategory+CoreDataProperties.m"; sourceTree = "<group>"; };
		3499BE0D1C84144D004EE4BD /* CMLItemCategory.h */ = {isa = PBXFileReference; fileEncoding = 4; lastKnownFileType = sourcecode.c.h; path = CMLItemCategory.h; sourceTree = "<group>"; };
		3499BE0E1C84144D004EE4BD /* CMLItemCategory.m */ = {isa = PBXFileReference; fileEncoding = 4; lastKnownFileType = sourcecode.c.objc; path = CMLItemCategory.m; sourceTree = "<group>"; };
		3499BE0F1C84144D004EE4BD /* CMLItem+CoreDataProperties.h */ = {isa = PBXFileReference; fileEncoding = 4; lastKnownFileType = sourcecode.c.h; path = "CMLItem+CoreDataProperties.h"; sourceTree = "<group>"; };
		3499BE101C84144D004EE4BD /* CMLItem+CoreDataProperties.m */ = {isa = PBXFileReference; fileEncoding = 4; lastKnownFileType = sourcecode.c.objc; path = "CMLItem+CoreDataProperties.m"; sourceTree = "<group>"; };
		3499BE111C84144D004EE4BD /* CMLItem.h */ = {isa = PBXFileReference; fileEncoding = 4; lastKnownFileType = sourcecode.c.h; path = CMLItem.h; sourceTree = "<group>"; };
		3499BE121C84144D004EE4BD /* CMLItem.m */ = {isa = PBXFileReference; fileEncoding = 4; lastKnownFileType = sourcecode.c.objc; path = CMLItem.m; sourceTree = "<group>"; };
		3499BE131C84144D004EE4BD /* CMLAccounting+CoreDataProperties.h */ = {isa = PBXFileReference; fileEncoding = 4; lastKnownFileType = sourcecode.c.h; path = "CMLAccounting+CoreDataProperties.h"; sourceTree = "<group>"; };
		3499BE141C84144D004EE4BD /* CMLAccounting+CoreDataProperties.m */ = {isa = PBXFileReference; fileEncoding = 4; lastKnownFileType = sourcecode.c.objc; path = "CMLAccounting+CoreDataProperties.m"; sourceTree = "<group>"; };
		3499BE151C84144D004EE4BD /* CMLAccounting.h */ = {isa = PBXFileReference; fileEncoding = 4; lastKnownFileType = sourcecode.c.h; path = CMLAccounting.h; sourceTree = "<group>"; };
		3499BE161C84144D004EE4BD /* CMLAccounting.m */ = {isa = PBXFileReference; fileEncoding = 4; lastKnownFileType = sourcecode.c.objc; path = CMLAccounting.m; sourceTree = "<group>"; };
		34D21C501C776EF4004264C2 /* PrefixHeader.pch */ = {isa = PBXFileReference; lastKnownFileType = sourcecode.c.h; path = PrefixHeader.pch; sourceTree = "<group>"; };
		34D21C731C78149E004264C2 /* CMLAccountingViewController.h */ = {isa = PBXFileReference; fileEncoding = 4; lastKnownFileType = sourcecode.c.h; path = CMLAccountingViewController.h; sourceTree = "<group>"; };
		34D21C741C78149E004264C2 /* CMLAccountingViewController.m */ = {isa = PBXFileReference; fileEncoding = 4; lastKnownFileType = sourcecode.c.objc; path = CMLAccountingViewController.m; sourceTree = "<group>"; };
		34D21C791C7814CC004264C2 /* CMLRecordViewController.h */ = {isa = PBXFileReference; fileEncoding = 4; lastKnownFileType = sourcecode.c.h; path = CMLRecordViewController.h; sourceTree = "<group>"; };
		34D21C7A1C7814CC004264C2 /* CMLRecordViewController.m */ = {isa = PBXFileReference; fileEncoding = 4; lastKnownFileType = sourcecode.c.objc; path = CMLRecordViewController.m; sourceTree = "<group>"; };
		34D21C831C7814F3004264C2 /* AppDelegate.h */ = {isa = PBXFileReference; fileEncoding = 4; lastKnownFileType = sourcecode.c.h; path = AppDelegate.h; sourceTree = "<group>"; };
		34D21C841C7814F3004264C2 /* AppDelegate.m */ = {isa = PBXFileReference; fileEncoding = 4; lastKnownFileType = sourcecode.c.objc; path = AppDelegate.m; sourceTree = "<group>"; };
		34D21C851C7814F3004264C2 /* CMLConstant.h */ = {isa = PBXFileReference; fileEncoding = 4; lastKnownFileType = sourcecode.c.h; path = CMLConstant.h; sourceTree = "<group>"; };
		34D21C861C7814F3004264C2 /* main.m */ = {isa = PBXFileReference; fileEncoding = 4; lastKnownFileType = sourcecode.c.objc; path = main.m; sourceTree = "<group>"; };
		34D21C8C1C7814F3004264C2 /* CMLTool.h */ = {isa = PBXFileReference; fileEncoding = 4; lastKnownFileType = sourcecode.c.h; path = CMLTool.h; sourceTree = "<group>"; };
		34D21C8D1C7814F3004264C2 /* CMLTool.m */ = {isa = PBXFileReference; fileEncoding = 4; lastKnownFileType = sourcecode.c.objc; path = CMLTool.m; sourceTree = "<group>"; };
		34D21C9A1C78892E004264C2 /* Camille.xcdatamodel */ = {isa = PBXFileReference; lastKnownFileType = wrapper.xcdatamodel; path = Camille.xcdatamodel; sourceTree = "<group>"; };
		34D21CA21C788948004264C2 /* UIView+Extension.h */ = {isa = PBXFileReference; fileEncoding = 4; lastKnownFileType = sourcecode.c.h; path = "UIView+Extension.h"; sourceTree = "<group>"; };
		34D21CA31C788948004264C2 /* UIView+Extension.m */ = {isa = PBXFileReference; fileEncoding = 4; lastKnownFileType = sourcecode.c.objc; path = "UIView+Extension.m"; sourceTree = "<group>"; };
		34D21CA71C788A28004264C2 /* UIBarButtonItem+Extension.h */ = {isa = PBXFileReference; fileEncoding = 4; lastKnownFileType = sourcecode.c.h; path = "UIBarButtonItem+Extension.h"; sourceTree = "<group>"; };
		34D21CA81C788A28004264C2 /* UIBarButtonItem+Extension.m */ = {isa = PBXFileReference; fileEncoding = 4; lastKnownFileType = sourcecode.c.objc; path = "UIBarButtonItem+Extension.m"; sourceTree = "<group>"; };
		34D21CAA1C789085004264C2 /* CMLTabBarController.h */ = {isa = PBXFileReference; fileEncoding = 4; lastKnownFileType = sourcecode.c.h; path = CMLTabBarController.h; sourceTree = "<group>"; };
		34D21CAB1C789085004264C2 /* CMLTabBarController.m */ = {isa = PBXFileReference; fileEncoding = 4; lastKnownFileType = sourcecode.c.objc; path = CMLTabBarController.m; sourceTree = "<group>"; };
		34D21CAD1C7890AE004264C2 /* CMLNavigationController.h */ = {isa = PBXFileReference; fileEncoding = 4; lastKnownFileType = sourcecode.c.h; path = CMLNavigationController.h; sourceTree = "<group>"; };
		34D21CAE1C7890AE004264C2 /* CMLNavigationController.m */ = {isa = PBXFileReference; fileEncoding = 4; lastKnownFileType = sourcecode.c.objc; path = CMLNavigationController.m; sourceTree = "<group>"; };
		34D21CB21C789991004264C2 /* CMLAccountingViewController.xib */ = {isa = PBXFileReference; fileEncoding = 4; lastKnownFileType = file.xib; path = CMLAccountingViewController.xib; sourceTree = "<group>"; };
/* End PBXFileReference section */

/* Begin PBXFrameworksBuildPhase section */
		344A00321C75E0D8008281BB /* Frameworks */ = {
			isa = PBXFrameworksBuildPhase;
			buildActionMask = 2147483647;
			files = (
			);
			runOnlyForDeploymentPostprocessing = 0;
		};
/* End PBXFrameworksBuildPhase section */

/* Begin PBXGroup section */
		344A002C1C75E0D8008281BB = {
			isa = PBXGroup;
			children = (
				344A00371C75E0D8008281BB /* Camille */,
				344A00361C75E0D8008281BB /* Products */,
			);
			sourceTree = "<group>";
		};
		344A00361C75E0D8008281BB /* Products */ = {
			isa = PBXGroup;
			children = (
				344A00351C75E0D8008281BB /* Camille.app */,
			);
			name = Products;
			sourceTree = "<group>";
		};
		344A00371C75E0D8008281BB /* Camille */ = {
			isa = PBXGroup;
			children = (
				34D21C2D1C776CC8004264C2 /* Classes */,
				344A00381C75E0D8008281BB /* Supporting Files */,
			);
			path = Camille;
			sourceTree = "<group>";
		};
		344A00381C75E0D8008281BB /* Supporting Files */ = {
			isa = PBXGroup;
			children = (
				344A00411C75E0D8008281BB /* Main.storyboard */,
				344A00471C75E0D8008281BB /* Assets.xcassets */,
				344A00491C75E0D8008281BB /* LaunchScreen.storyboard */,
				344A004C1C75E0D8008281BB /* Info.plist */,
				34D21C501C776EF4004264C2 /* PrefixHeader.pch */,
			);
			name = "Supporting Files";
			sourceTree = "<group>";
		};
		34D21C2D1C776CC8004264C2 /* Classes */ = {
			isa = PBXGroup;
			children = (
				34D21C7E1C7814F3004264C2 /* Public(公共) */,
				34D21C2E1C776CC8004264C2 /* Accounting(记账) */,
				34D21C381C776CC8004264C2 /* Record(记录) */,
			);
			path = Classes;
			sourceTree = "<group>";
		};
		34D21C2E1C776CC8004264C2 /* Accounting(记账) */ = {
			isa = PBXGroup;
			children = (
				34D21C721C78149E004264C2 /* Controller */,
				34D21C751C78149E004264C2 /* Model */,
				34D21C761C78149E004264C2 /* View */,
			);
			path = "Accounting(记账)";
			sourceTree = "<group>";
		};
		34D21C381C776CC8004264C2 /* Record(记录) */ = {
			isa = PBXGroup;
			children = (
				34D21C781C7814CC004264C2 /* Controller */,
				34D21C7B1C7814CC004264C2 /* Model */,
				34D21C7C1C7814CC004264C2 /* View */,
			);
			path = "Record(记录)";
			sourceTree = "<group>";
		};
		34D21C721C78149E004264C2 /* Controller */ = {
			isa = PBXGroup;
			children = (
				34D21C731C78149E004264C2 /* CMLAccountingViewController.h */,
				34D21C741C78149E004264C2 /* CMLAccountingViewController.m */,
				34D21CB21C789991004264C2 /* CMLAccountingViewController.xib */,
				3490A2E91C798D0900DEC138 /* CMLAccountingRegistrationViewController.h */,
				3490A2EA1C798D0900DEC138 /* CMLAccountingRegistrationViewController.m */,
			);
			path = Controller;
			sourceTree = "<group>";
		};
		34D21C751C78149E004264C2 /* Model */ = {
			isa = PBXGroup;
			children = (
			);
			path = Model;
			sourceTree = "<group>";
		};
		34D21C761C78149E004264C2 /* View */ = {
			isa = PBXGroup;
			children = (
				3441D0AC1C7C098A00D6FE0C /* CMLAccountingItemCell.h */,
				3441D0AD1C7C098A00D6FE0C /* CMLAccountingItemCell.m */,
				3441D0AE1C7C098A00D6FE0C /* CMLAccountingItemCell.xib */,
				3441D0B11C7C917C00D6FE0C /* CMLAccountingItemLeftCell.h */,
				3441D0B21C7C917C00D6FE0C /* CMLAccountingItemLeftCell.m */,
				3441D0B31C7C917C00D6FE0C /* CMLAccountingItemLeftCell.xib */,
				3441D0B61C7C919200D6FE0C /* CMLAccountingItemRightCell.h */,
				3441D0B71C7C919200D6FE0C /* CMLAccountingItemRightCell.m */,
				3441D0B81C7C919200D6FE0C /* CMLAccountingItemRightCell.xib */,
				3405792D1C8EA70C00C79F9D /* CMLNewItemAddingView.h */,
				3405792E1C8EA70C00C79F9D /* CMLNewItemAddingView.m */,
				340579301C8EA72000C79F9D /* CMLNewItemAddingView.xib */,
			);
			path = View;
			sourceTree = "<group>";
		};
		34D21C781C7814CC004264C2 /* Controller */ = {
			isa = PBXGroup;
			children = (
				34D21C791C7814CC004264C2 /* CMLRecordViewController.h */,
				34D21C7A1C7814CC004264C2 /* CMLRecordViewController.m */,
			);
			path = Controller;
			sourceTree = "<group>";
		};
		34D21C7B1C7814CC004264C2 /* Model */ = {
			isa = PBXGroup;
			children = (
			);
			path = Model;
			sourceTree = "<group>";
		};
		34D21C7C1C7814CC004264C2 /* View */ = {
			isa = PBXGroup;
			children = (
			);
			path = View;
			sourceTree = "<group>";
		};
		34D21C7E1C7814F3004264C2 /* Public(公共) */ = {
			isa = PBXGroup;
			children = (
				34D21C821C7814F3004264C2 /* Main */,
				34D21C981C78892E004264C2 /* Model */,
				34D21C9C1C788938004264C2 /* View */,
				34D21C9D1C788940004264C2 /* Controller */,
				34D21C8B1C7814F3004264C2 /* Tools */,
				34D21CA11C788948004264C2 /* Category */,
				34D21C8A1C7814F3004264C2 /* Other */,
			);
			path = "Public(公共)";
			sourceTree = "<group>";
		};
		34D21C821C7814F3004264C2 /* Main */ = {
			isa = PBXGroup;
			children = (
				34D21C831C7814F3004264C2 /* AppDelegate.h */,
				34D21C841C7814F3004264C2 /* AppDelegate.m */,
				34D21C851C7814F3004264C2 /* CMLConstant.h */,
				34D21C861C7814F3004264C2 /* main.m */,
			);
			path = Main;
			sourceTree = "<group>";
		};
		34D21C8A1C7814F3004264C2 /* Other */ = {
			isa = PBXGroup;
			children = (
			);
			path = Other;
			sourceTree = "<group>";
		};
		34D21C8B1C7814F3004264C2 /* Tools */ = {
			isa = PBXGroup;
			children = (
				34D21C8C1C7814F3004264C2 /* CMLTool.h */,
				34D21C8D1C7814F3004264C2 /* CMLTool.m */,
				3499BDC11C82D60C004EE4BD /* CMLCoreDataAccess.h */,
				3499BDC21C82D60C004EE4BD /* CMLCoreDataAccess.m */,
				3499BDC41C82D8F2004EE4BD /* CMLResponse.h */,
				3499BDC51C82D8F2004EE4BD /* CMLResponse.m */,
			);
			path = Tools;
			sourceTree = "<group>";
		};
		34D21C981C78892E004264C2 /* Model */ = {
			isa = PBXGroup;
			children = (
				34D21C991C78892E004264C2 /* Camille.xcdatamodeld */,
				3499BE0B1C84144D004EE4BD /* CMLItemCategory+CoreDataProperties.h */,
				3499BE0C1C84144D004EE4BD /* CMLItemCategory+CoreDataProperties.m */,
				3499BE0D1C84144D004EE4BD /* CMLItemCategory.h */,
				3499BE0E1C84144D004EE4BD /* CMLItemCategory.m */,
				3499BE0F1C84144D004EE4BD /* CMLItem+CoreDataProperties.h */,
				3499BE101C84144D004EE4BD /* CMLItem+CoreDataProperties.m */,
				3499BE111C84144D004EE4BD /* CMLItem.h */,
				3499BE121C84144D004EE4BD /* CMLItem.m */,
				3499BE131C84144D004EE4BD /* CMLAccounting+CoreDataProperties.h */,
				3499BE141C84144D004EE4BD /* CMLAccounting+CoreDataProperties.m */,
				3499BE151C84144D004EE4BD /* CMLAccounting.h */,
				3499BE161C84144D004EE4BD /* CMLAccounting.m */,
			);
			path = Model;
			sourceTree = "<group>";
		};
		34D21C9C1C788938004264C2 /* View */ = {
			isa = PBXGroup;
			children = (
			);
			path = View;
			sourceTree = "<group>";
		};
		34D21C9D1C788940004264C2 /* Controller */ = {
			isa = PBXGroup;
			children = (
				34D21CAA1C789085004264C2 /* CMLTabBarController.h */,
				34D21CAB1C789085004264C2 /* CMLTabBarController.m */,
				34D21CAD1C7890AE004264C2 /* CMLNavigationController.h */,
				34D21CAE1C7890AE004264C2 /* CMLNavigationController.m */,
			);
			path = Controller;
			sourceTree = "<group>";
		};
		34D21CA11C788948004264C2 /* Category */ = {
			isa = PBXGroup;
			children = (
				34D21CA21C788948004264C2 /* UIView+Extension.h */,
				34D21CA31C788948004264C2 /* UIView+Extension.m */,
				34D21CA71C788A28004264C2 /* UIBarButtonItem+Extension.h */,
				34D21CA81C788A28004264C2 /* UIBarButtonItem+Extension.m */,
			);
			path = Category;
			sourceTree = "<group>";
		};
/* End PBXGroup section */

/* Begin PBXNativeTarget section */
		344A00341C75E0D8008281BB /* Camille */ = {
			isa = PBXNativeTarget;
			buildConfigurationList = 344A004F1C75E0D8008281BB /* Build configuration list for PBXNativeTarget "Camille" */;
			buildPhases = (
				344A00311C75E0D8008281BB /* Sources */,
				344A00321C75E0D8008281BB /* Frameworks */,
				344A00331C75E0D8008281BB /* Resources */,
			);
			buildRules = (
			);
			dependencies = (
			);
			name = Camille;
			productName = Camille;
			productReference = 344A00351C75E0D8008281BB /* Camille.app */;
			productType = "com.apple.product-type.application";
		};
/* End PBXNativeTarget section */

/* Begin PBXProject section */
		344A002D1C75E0D8008281BB /* Project object */ = {
			isa = PBXProject;
			attributes = {
				LastUpgradeCheck = 0720;
				ORGANIZATIONNAME = shayneyeorg;
				TargetAttributes = {
					344A00341C75E0D8008281BB = {
						CreatedOnToolsVersion = 7.2.1;
					};
				};
			};
			buildConfigurationList = 344A00301C75E0D8008281BB /* Build configuration list for PBXProject "Camille" */;
			compatibilityVersion = "Xcode 3.2";
			developmentRegion = English;
			hasScannedForEncodings = 0;
			knownRegions = (
				en,
				Base,
			);
			mainGroup = 344A002C1C75E0D8008281BB;
			productRefGroup = 344A00361C75E0D8008281BB /* Products */;
			projectDirPath = "";
			projectRoot = "";
			targets = (
				344A00341C75E0D8008281BB /* Camille */,
			);
		};
/* End PBXProject section */

/* Begin PBXResourcesBuildPhase section */
		344A00331C75E0D8008281BB /* Resources */ = {
			isa = PBXResourcesBuildPhase;
			buildActionMask = 2147483647;
			files = (
				340579311C8EA72000C79F9D /* CMLNewItemAddingView.xib in Resources */,
				344A004B1C75E0D8008281BB /* LaunchScreen.storyboard in Resources */,
				344A00481C75E0D8008281BB /* Assets.xcassets in Resources */,
				3441D0BA1C7C919200D6FE0C /* CMLAccountingItemRightCell.xib in Resources */,
				3441D0B01C7C098A00D6FE0C /* CMLAccountingItemCell.xib in Resources */,
				3441D0B51C7C917C00D6FE0C /* CMLAccountingItemLeftCell.xib in Resources */,
				34D21CB31C789991004264C2 /* CMLAccountingViewController.xib in Resources */,
				344A00431C75E0D8008281BB /* Main.storyboard in Resources */,
			);
			runOnlyForDeploymentPostprocessing = 0;
		};
/* End PBXResourcesBuildPhase section */

/* Begin PBXSourcesBuildPhase section */
		344A00311C75E0D8008281BB /* Sources */ = {
			isa = PBXSourcesBuildPhase;
			buildActionMask = 2147483647;
			files = (
				34D21C931C7814F3004264C2 /* CMLTool.m in Sources */,
				34D21C9B1C78892E004264C2 /* Camille.xcdatamodeld in Sources */,
				3490A2EC1C798D0900DEC138 /* CMLAccountingRegistrationViewController.m in Sources */,
				3499BE171C84144D004EE4BD /* CMLItemCategory+CoreDataProperties.m in Sources */,
				3405792F1C8EA70C00C79F9D /* CMLNewItemAddingView.m in Sources */,
				3499BE191C84144D004EE4BD /* CMLItem+CoreDataProperties.m in Sources */,
				3441D0B91C7C919200D6FE0C /* CMLAccountingItemRightCell.m in Sources */,
				3499BE181C84144D004EE4BD /* CMLItemCategory.m in Sources */,
				34D21C911C7814F3004264C2 /* main.m in Sources */,
				34D21C901C7814F3004264C2 /* AppDelegate.m in Sources */,
				34D21C7D1C7814CC004264C2 /* CMLRecordViewController.m in Sources */,
				3441D0B41C7C917C00D6FE0C /* CMLAccountingItemLeftCell.m in Sources */,
				3499BDC61C82D8F2004EE4BD /* CMLResponse.m in Sources */,
				34D21CA91C788A28004264C2 /* UIBarButtonItem+Extension.m in Sources */,
				34D21CA41C788948004264C2 /* UIView+Extension.m in Sources */,
				3441D0AF1C7C098A00D6FE0C /* CMLAccountingItemCell.m in Sources */,
				34D21CAC1C789085004264C2 /* CMLTabBarController.m in Sources */,
				3499BDC31C82D60C004EE4BD /* CMLCoreDataAccess.m in Sources */,
				34D21CAF1C7890AE004264C2 /* CMLNavigationController.m in Sources */,
				3499BE1B1C84144D004EE4BD /* CMLAccounting+CoreDataProperties.m in Sources */,
				3499BE1C1C84144D004EE4BD /* CMLAccounting.m in Sources */,
				34D21C771C78149E004264C2 /* CMLAccountingViewController.m in Sources */,
				3499BE1A1C84144D004EE4BD /* CMLItem.m in Sources */,
			);
			runOnlyForDeploymentPostprocessing = 0;
		};
/* End PBXSourcesBuildPhase section */

/* Begin PBXVariantGroup section */
		344A00411C75E0D8008281BB /* Main.storyboard */ = {
			isa = PBXVariantGroup;
			children = (
				344A00421C75E0D8008281BB /* Base */,
			);
			name = Main.storyboard;
			sourceTree = "<group>";
		};
		344A00491C75E0D8008281BB /* LaunchScreen.storyboard */ = {
			isa = PBXVariantGroup;
			children = (
				344A004A1C75E0D8008281BB /* Base */,
			);
			name = LaunchScreen.storyboard;
			sourceTree = "<group>";
		};
/* End PBXVariantGroup section */

/* Begin XCBuildConfiguration section */
		344A004D1C75E0D8008281BB /* Debug */ = {
			isa = XCBuildConfiguration;
			buildSettings = {
				ALWAYS_SEARCH_USER_PATHS = NO;
				CLANG_CXX_LANGUAGE_STANDARD = "gnu++0x";
				CLANG_CXX_LIBRARY = "libc++";
				CLANG_ENABLE_MODULES = YES;
				CLANG_ENABLE_OBJC_ARC = YES;
				CLANG_WARN_BOOL_CONVERSION = YES;
				CLANG_WARN_CONSTANT_CONVERSION = YES;
				CLANG_WARN_DIRECT_OBJC_ISA_USAGE = YES_ERROR;
				CLANG_WARN_EMPTY_BODY = YES;
				CLANG_WARN_ENUM_CONVERSION = YES;
				CLANG_WARN_INT_CONVERSION = YES;
				CLANG_WARN_OBJC_ROOT_CLASS = YES_ERROR;
				CLANG_WARN_UNREACHABLE_CODE = YES;
				CLANG_WARN__DUPLICATE_METHOD_MATCH = YES;
				"CODE_SIGN_IDENTITY[sdk=iphoneos*]" = "iPhone Developer";
				COPY_PHASE_STRIP = NO;
				DEBUG_INFORMATION_FORMAT = dwarf;
				ENABLE_STRICT_OBJC_MSGSEND = YES;
				ENABLE_TESTABILITY = YES;
				GCC_C_LANGUAGE_STANDARD = gnu99;
				GCC_DYNAMIC_NO_PIC = NO;
				GCC_NO_COMMON_BLOCKS = YES;
				GCC_OPTIMIZATION_LEVEL = 0;
				GCC_PRECOMPILE_PREFIX_HEADER = NO;
				GCC_PREFIX_HEADER = "";
				GCC_PREPROCESSOR_DEFINITIONS = (
					"DEBUG=1",
					"$(inherited)",
				);
				GCC_WARN_64_TO_32_BIT_CONVERSION = YES;
				GCC_WARN_ABOUT_RETURN_TYPE = YES_ERROR;
				GCC_WARN_UNDECLARED_SELECTOR = YES;
				GCC_WARN_UNINITIALIZED_AUTOS = YES_AGGRESSIVE;
				GCC_WARN_UNUSED_FUNCTION = YES;
				GCC_WARN_UNUSED_VARIABLE = YES;
				IPHONEOS_DEPLOYMENT_TARGET = 9.2;
				MTL_ENABLE_DEBUG_INFO = YES;
				ONLY_ACTIVE_ARCH = YES;
				SDKROOT = iphoneos;
			};
			name = Debug;
		};
		344A004E1C75E0D8008281BB /* Release */ = {
			isa = XCBuildConfiguration;
			buildSettings = {
				ALWAYS_SEARCH_USER_PATHS = NO;
				CLANG_CXX_LANGUAGE_STANDARD = "gnu++0x";
				CLANG_CXX_LIBRARY = "libc++";
				CLANG_ENABLE_MODULES = YES;
				CLANG_ENABLE_OBJC_ARC = YES;
				CLANG_WARN_BOOL_CONVERSION = YES;
				CLANG_WARN_CONSTANT_CONVERSION = YES;
				CLANG_WARN_DIRECT_OBJC_ISA_USAGE = YES_ERROR;
				CLANG_WARN_EMPTY_BODY = YES;
				CLANG_WARN_ENUM_CONVERSION = YES;
				CLANG_WARN_INT_CONVERSION = YES;
				CLANG_WARN_OBJC_ROOT_CLASS = YES_ERROR;
				CLANG_WARN_UNREACHABLE_CODE = YES;
				CLANG_WARN__DUPLICATE_METHOD_MATCH = YES;
				"CODE_SIGN_IDENTITY[sdk=iphoneos*]" = "iPhone Developer";
				COPY_PHASE_STRIP = NO;
				DEBUG_INFORMATION_FORMAT = "dwarf-with-dsym";
				ENABLE_NS_ASSERTIONS = NO;
				ENABLE_STRICT_OBJC_MSGSEND = YES;
				GCC_C_LANGUAGE_STANDARD = gnu99;
				GCC_NO_COMMON_BLOCKS = YES;
				GCC_PRECOMPILE_PREFIX_HEADER = NO;
				GCC_PREFIX_HEADER = "";
				GCC_WARN_64_TO_32_BIT_CONVERSION = YES;
				GCC_WARN_ABOUT_RETURN_TYPE = YES_ERROR;
				GCC_WARN_UNDECLARED_SELECTOR = YES;
				GCC_WARN_UNINITIALIZED_AUTOS = YES_AGGRESSIVE;
				GCC_WARN_UNUSED_FUNCTION = YES;
				GCC_WARN_UNUSED_VARIABLE = YES;
				IPHONEOS_DEPLOYMENT_TARGET = 9.2;
				MTL_ENABLE_DEBUG_INFO = NO;
				SDKROOT = iphoneos;
				VALIDATE_PRODUCT = YES;
			};
			name = Release;
		};
		344A00501C75E0D8008281BB /* Debug */ = {
			isa = XCBuildConfiguration;
			buildSettings = {
				ASSETCATALOG_COMPILER_APPICON_NAME = AppIcon;
				GCC_PRECOMPILE_PREFIX_HEADER = NO;
				GCC_PREFIX_HEADER = "$(SRCROOT)/Camille/PrefixHeader.pch";
				INFOPLIST_FILE = Camille/Info.plist;
				IPHONEOS_DEPLOYMENT_TARGET = 7.0;
				LD_RUNPATH_SEARCH_PATHS = "$(inherited) @executable_path/Frameworks";
				PRODUCT_BUNDLE_IDENTIFIER = shayneyeorg.Camille;
				PRODUCT_NAME = "$(TARGET_NAME)";
			};
			name = Debug;
		};
		344A00511C75E0D8008281BB /* Release */ = {
			isa = XCBuildConfiguration;
			buildSettings = {
				ASSETCATALOG_COMPILER_APPICON_NAME = AppIcon;
				GCC_PRECOMPILE_PREFIX_HEADER = NO;
				GCC_PREFIX_HEADER = "$(SRCROOT)/Camille/PrefixHeader.pch";
				INFOPLIST_FILE = Camille/Info.plist;
				IPHONEOS_DEPLOYMENT_TARGET = 7.0;
				LD_RUNPATH_SEARCH_PATHS = "$(inherited) @executable_path/Frameworks";
				PRODUCT_BUNDLE_IDENTIFIER = shayneyeorg.Camille;
				PRODUCT_NAME = "$(TARGET_NAME)";
			};
			name = Release;
		};
/* End XCBuildConfiguration section */

/* Begin XCConfigurationList section */
		344A00301C75E0D8008281BB /* Build configuration list for PBXProject "Camille" */ = {
			isa = XCConfigurationList;
			buildConfigurations = (
				344A004D1C75E0D8008281BB /* Debug */,
				344A004E1C75E0D8008281BB /* Release */,
			);
			defaultConfigurationIsVisible = 0;
			defaultConfigurationName = Release;
		};
		344A004F1C75E0D8008281BB /* Build configuration list for PBXNativeTarget "Camille" */ = {
			isa = XCConfigurationList;
			buildConfigurations = (
				344A00501C75E0D8008281BB /* Debug */,
				344A00511C75E0D8008281BB /* Release */,
			);
			defaultConfigurationIsVisible = 0;
			defaultConfigurationName = Release;
		};
/* End XCConfigurationList section */

/* Begin XCVersionGroup section */
		34D21C991C78892E004264C2 /* Camille.xcdatamodeld */ = {
			isa = XCVersionGroup;
			children = (
				34D21C9A1C78892E004264C2 /* Camille.xcdatamodel */,
			);
			currentVersion = 34D21C9A1C78892E004264C2 /* Camille.xcdatamodel */;
			path = Camille.xcdatamodeld;
			sourceTree = "<group>";
			versionGroupType = wrapper.xcdatamodel;
		};
/* End XCVersionGroup section */
	};
	rootObject = 344A002D1C75E0D8008281BB /* Project object */;
}
