// !$*UTF8*$!
{
	archiveVersion = 1;
	classes = {
	};
	objectVersion = 46;
	objects = {

/* Begin PBXBuildFile section */
		344A00431C75E0D8008281BB /* Main.storyboard in Resources */ = {isa = PBXBuildFile; fileRef = 344A00411C75E0D8008281BB /* Main.storyboard */; };
		344A00481C75E0D8008281BB /* Assets.xcassets in Resources */ = {isa = PBXBuildFile; fileRef = 344A00471C75E0D8008281BB /* Assets.xcassets */; };
		344A004B1C75E0D8008281BB /* LaunchScreen.storyboard in Resources */ = {isa = PBXBuildFile; fileRef = 344A00491C75E0D8008281BB /* LaunchScreen.storyboard */; };
		34D21C671C777007004264C2 /* ViewController.m in Sources */ = {isa = PBXBuildFile; fileRef = 34D21C591C777007004264C2 /* ViewController.m */; };
		34D21C681C777007004264C2 /* AppDelegate.m in Sources */ = {isa = PBXBuildFile; fileRef = 34D21C5C1C777007004264C2 /* AppDelegate.m */; };
		34D21C691C777007004264C2 /* main.m in Sources */ = {isa = PBXBuildFile; fileRef = 34D21C5E1C777007004264C2 /* main.m */; };
		34D21C6A1C777007004264C2 /* Camille.xcdatamodeld in Sources */ = {isa = PBXBuildFile; fileRef = 34D21C601C777007004264C2 /* Camille.xcdatamodeld */; };
		34D21C6B1C777007004264C2 /* CMLTool.m in Sources */ = {isa = PBXBuildFile; fileRef = 34D21C651C777007004264C2 /* CMLTool.m */; };
/* End PBXBuildFile section */

/* Begin PBXFileReference section */
		344A00351C75E0D8008281BB /* Camille.app */ = {isa = PBXFileReference; explicitFileType = wrapper.application; includeInIndex = 0; path = Camille.app; sourceTree = BUILT_PRODUCTS_DIR; };
		344A00421C75E0D8008281BB /* Base */ = {isa = PBXFileReference; lastKnownFileType = file.storyboard; name = Base; path = Base.lproj/Main.storyboard; sourceTree = "<group>"; };
		344A00471C75E0D8008281BB /* Assets.xcassets */ = {isa = PBXFileReference; lastKnownFileType = folder.assetcatalog; path = Assets.xcassets; sourceTree = "<group>"; };
		344A004A1C75E0D8008281BB /* Base */ = {isa = PBXFileReference; lastKnownFileType = file.storyboard; name = Base; path = Base.lproj/LaunchScreen.storyboard; sourceTree = "<group>"; };
		344A004C1C75E0D8008281BB /* Info.plist */ = {isa = PBXFileReference; lastKnownFileType = text.plist.xml; path = Info.plist; sourceTree = "<group>"; };
		34D21C501C776EF4004264C2 /* PrefixHeader.pch */ = {isa = PBXFileReference; lastKnownFileType = sourcecode.c.h; path = PrefixHeader.pch; sourceTree = "<group>"; };
		34D21C581C777007004264C2 /* ViewController.h */ = {isa = PBXFileReference; fileEncoding = 4; lastKnownFileType = sourcecode.c.h; path = ViewController.h; sourceTree = "<group>"; };
		34D21C591C777007004264C2 /* ViewController.m */ = {isa = PBXFileReference; fileEncoding = 4; lastKnownFileType = sourcecode.c.objc; path = ViewController.m; sourceTree = "<group>"; };
		34D21C5B1C777007004264C2 /* AppDelegate.h */ = {isa = PBXFileReference; fileEncoding = 4; lastKnownFileType = sourcecode.c.h; path = AppDelegate.h; sourceTree = "<group>"; };
		34D21C5C1C777007004264C2 /* AppDelegate.m */ = {isa = PBXFileReference; fileEncoding = 4; lastKnownFileType = sourcecode.c.objc; path = AppDelegate.m; sourceTree = "<group>"; };
		34D21C5D1C777007004264C2 /* CMLConstant.h */ = {isa = PBXFileReference; fileEncoding = 4; lastKnownFileType = sourcecode.c.h; path = CMLConstant.h; sourceTree = "<group>"; };
		34D21C5E1C777007004264C2 /* main.m */ = {isa = PBXFileReference; fileEncoding = 4; lastKnownFileType = sourcecode.c.objc; path = main.m; sourceTree = "<group>"; };
		34D21C611C777007004264C2 /* Camille.xcdatamodel */ = {isa = PBXFileReference; lastKnownFileType = wrapper.xcdatamodel; path = Camille.xcdatamodel; sourceTree = "<group>"; };
		34D21C641C777007004264C2 /* CMLTool.h */ = {isa = PBXFileReference; fileEncoding = 4; lastKnownFileType = sourcecode.c.h; path = CMLTool.h; sourceTree = "<group>"; };
		34D21C651C777007004264C2 /* CMLTool.m */ = {isa = PBXFileReference; fileEncoding = 4; lastKnownFileType = sourcecode.c.objc; path = CMLTool.m; sourceTree = "<group>"; };
/* End PBXFileReference section */

/* Begin PBXFrameworksBuildPhase section */
		344A00321C75E0D8008281BB /* Frameworks */ = {
			isa = PBXFrameworksBuildPhase;
			buildActionMask = 2147483647;
			files = (
			);
			runOnlyForDeploymentPostprocessing = 0;
		};
/* End PBXFrameworksBuildPhase section */

/* Begin PBXGroup section */
		344A002C1C75E0D8008281BB = {
			isa = PBXGroup;
			children = (
				344A00371C75E0D8008281BB /* Camille */,
				344A00361C75E0D8008281BB /* Products */,
			);
			sourceTree = "<group>";
		};
		344A00361C75E0D8008281BB /* Products */ = {
			isa = PBXGroup;
			children = (
				344A00351C75E0D8008281BB /* Camille.app */,
			);
			name = Products;
			sourceTree = "<group>";
		};
		344A00371C75E0D8008281BB /* Camille */ = {
			isa = PBXGroup;
			children = (
				34D21C2D1C776CC8004264C2 /* Classes */,
				344A00381C75E0D8008281BB /* Supporting Files */,
			);
			path = Camille;
			sourceTree = "<group>";
		};
		344A00381C75E0D8008281BB /* Supporting Files */ = {
			isa = PBXGroup;
			children = (
				344A00411C75E0D8008281BB /* Main.storyboard */,
				344A00471C75E0D8008281BB /* Assets.xcassets */,
				344A00491C75E0D8008281BB /* LaunchScreen.storyboard */,
				344A004C1C75E0D8008281BB /* Info.plist */,
				34D21C501C776EF4004264C2 /* PrefixHeader.pch */,
			);
			name = "Supporting Files";
			sourceTree = "<group>";
		};
		34D21C2D1C776CC8004264C2 /* Classes */ = {
			isa = PBXGroup;
			children = (
				34D21C2E1C776CC8004264C2 /* Accounting(记账) */,
				34D21C381C776CC8004264C2 /* Record(记录) */,
				34D21C561C777007004264C2 /* Other */,
			);
			path = Classes;
			sourceTree = "<group>";
		};
		34D21C2E1C776CC8004264C2 /* Accounting(记账) */ = {
			isa = PBXGroup;
			children = (
			);
			path = "Accounting(记账)";
			sourceTree = "<group>";
		};
		34D21C381C776CC8004264C2 /* Record(记录) */ = {
			isa = PBXGroup;
			children = (
			);
			path = "Record(记录)";
			sourceTree = "<group>";
		};
		34D21C561C777007004264C2 /* Other */ = {
			isa = PBXGroup;
			children = (
				34D21C5A1C777007004264C2 /* Main */,
				34D21C5F1C777007004264C2 /* Models */,
				34D21C661C777007004264C2 /* Views */,
				34D21C571C777007004264C2 /* Controllers */,
				34D21C631C777007004264C2 /* Tools */,
				34D21C621C777007004264C2 /* Other */,
			);
			path = Other;
			sourceTree = "<group>";
		};
		34D21C571C777007004264C2 /* Controllers */ = {
			isa = PBXGroup;
			children = (
				34D21C581C777007004264C2 /* ViewController.h */,
				34D21C591C777007004264C2 /* ViewController.m */,
			);
			path = Controllers;
			sourceTree = "<group>";
		};
		34D21C5A1C777007004264C2 /* Main */ = {
			isa = PBXGroup;
			children = (
				34D21C5B1C777007004264C2 /* AppDelegate.h */,
				34D21C5C1C777007004264C2 /* AppDelegate.m */,
				34D21C5D1C777007004264C2 /* CMLConstant.h */,
				34D21C5E1C777007004264C2 /* main.m */,
			);
			path = Main;
			sourceTree = "<group>";
		};
		34D21C5F1C777007004264C2 /* Models */ = {
			isa = PBXGroup;
			children = (
				34D21C601C777007004264C2 /* Camille.xcdatamodeld */,
			);
			path = Models;
			sourceTree = "<group>";
		};
		34D21C621C777007004264C2 /* Other */ = {
			isa = PBXGroup;
			children = (
			);
			path = Other;
			sourceTree = "<group>";
		};
		34D21C631C777007004264C2 /* Tools */ = {
			isa = PBXGroup;
			children = (
				34D21C641C777007004264C2 /* CMLTool.h */,
				34D21C651C777007004264C2 /* CMLTool.m */,
			);
			path = Tools;
			sourceTree = "<group>";
		};
		34D21C661C777007004264C2 /* Views */ = {
			isa = PBXGroup;
			children = (
			);
			path = Views;
			sourceTree = "<group>";
		};
/* End PBXGroup section */

/* Begin PBXNativeTarget section */
		344A00341C75E0D8008281BB /* Camille */ = {
			isa = PBXNativeTarget;
			buildConfigurationList = 344A004F1C75E0D8008281BB /* Build configuration list for PBXNativeTarget "Camille" */;
			buildPhases = (
				344A00311C75E0D8008281BB /* Sources */,
				344A00321C75E0D8008281BB /* Frameworks */,
				344A00331C75E0D8008281BB /* Resources */,
			);
			buildRules = (
			);
			dependencies = (
			);
			name = Camille;
			productName = Camille;
			productReference = 344A00351C75E0D8008281BB /* Camille.app */;
			productType = "com.apple.product-type.application";
		};
/* End PBXNativeTarget section */

/* Begin PBXProject section */
		344A002D1C75E0D8008281BB /* Project object */ = {
			isa = PBXProject;
			attributes = {
				LastUpgradeCheck = 0720;
				ORGANIZATIONNAME = shayneyeorg;
				TargetAttributes = {
					344A00341C75E0D8008281BB = {
						CreatedOnToolsVersion = 7.2.1;
					};
				};
			};
			buildConfigurationList = 344A00301C75E0D8008281BB /* Build configuration list for PBXProject "Camille" */;
			compatibilityVersion = "Xcode 3.2";
			developmentRegion = English;
			hasScannedForEncodings = 0;
			knownRegions = (
				en,
				Base,
			);
			mainGroup = 344A002C1C75E0D8008281BB;
			productRefGroup = 344A00361C75E0D8008281BB /* Products */;
			projectDirPath = "";
			projectRoot = "";
			targets = (
				344A00341C75E0D8008281BB /* Camille */,
			);
		};
/* End PBXProject section */

/* Begin PBXResourcesBuildPhase section */
		344A00331C75E0D8008281BB /* Resources */ = {
			isa = PBXResourcesBuildPhase;
			buildActionMask = 2147483647;
			files = (
				344A004B1C75E0D8008281BB /* LaunchScreen.storyboard in Resources */,
				344A00481C75E0D8008281BB /* Assets.xcassets in Resources */,
				344A00431C75E0D8008281BB /* Main.storyboard in Resources */,
			);
			runOnlyForDeploymentPostprocessing = 0;
		};
/* End PBXResourcesBuildPhase section */

/* Begin PBXSourcesBuildPhase section */
		344A00311C75E0D8008281BB /* Sources */ = {
			isa = PBXSourcesBuildPhase;
			buildActionMask = 2147483647;
			files = (
				34D21C681C777007004264C2 /* AppDelegate.m in Sources */,
				34D21C691C777007004264C2 /* main.m in Sources */,
				34D21C6B1C777007004264C2 /* CMLTool.m in Sources */,
				34D21C671C777007004264C2 /* ViewController.m in Sources */,
				34D21C6A1C777007004264C2 /* Camille.xcdatamodeld in Sources */,
			);
			runOnlyForDeploymentPostprocessing = 0;
		};
/* End PBXSourcesBuildPhase section */

/* Begin PBXVariantGroup section */
		344A00411C75E0D8008281BB /* Main.storyboard */ = {
			isa = PBXVariantGroup;
			children = (
				344A00421C75E0D8008281BB /* Base */,
			);
			name = Main.storyboard;
			sourceTree = "<group>";
		};
		344A00491C75E0D8008281BB /* LaunchScreen.storyboard */ = {
			isa = PBXVariantGroup;
			children = (
				344A004A1C75E0D8008281BB /* Base */,
			);
			name = LaunchScreen.storyboard;
			sourceTree = "<group>";
		};
/* End PBXVariantGroup section */

/* Begin XCBuildConfiguration section */
		344A004D1C75E0D8008281BB /* Debug */ = {
			isa = XCBuildConfiguration;
			buildSettings = {
				ALWAYS_SEARCH_USER_PATHS = NO;
				CLANG_CXX_LANGUAGE_STANDARD = "gnu++0x";
				CLANG_CXX_LIBRARY = "libc++";
				CLANG_ENABLE_MODULES = YES;
				CLANG_ENABLE_OBJC_ARC = YES;
				CLANG_WARN_BOOL_CONVERSION = YES;
				CLANG_WARN_CONSTANT_CONVERSION = YES;
				CLANG_WARN_DIRECT_OBJC_ISA_USAGE = YES_ERROR;
				CLANG_WARN_EMPTY_BODY = YES;
				CLANG_WARN_ENUM_CONVERSION = YES;
				CLANG_WARN_INT_CONVERSION = YES;
				CLANG_WARN_OBJC_ROOT_CLASS = YES_ERROR;
				CLANG_WARN_UNREACHABLE_CODE = YES;
				CLANG_WARN__DUPLICATE_METHOD_MATCH = YES;
				"CODE_SIGN_IDENTITY[sdk=iphoneos*]" = "iPhone Developer";
				COPY_PHASE_STRIP = NO;
				DEBUG_INFORMATION_FORMAT = dwarf;
				ENABLE_STRICT_OBJC_MSGSEND = YES;
				ENABLE_TESTABILITY = YES;
				GCC_C_LANGUAGE_STANDARD = gnu99;
				GCC_DYNAMIC_NO_PIC = NO;
				GCC_NO_COMMON_BLOCKS = YES;
				GCC_OPTIMIZATION_LEVEL = 0;
				GCC_PRECOMPILE_PREFIX_HEADER = NO;
				GCC_PREFIX_HEADER = "";
				GCC_PREPROCESSOR_DEFINITIONS = (
					"DEBUG=1",
					"$(inherited)",
				);
				GCC_WARN_64_TO_32_BIT_CONVERSION = YES;
				GCC_WARN_ABOUT_RETURN_TYPE = YES_ERROR;
				GCC_WARN_UNDECLARED_SELECTOR = YES;
				GCC_WARN_UNINITIALIZED_AUTOS = YES_AGGRESSIVE;
				GCC_WARN_UNUSED_FUNCTION = YES;
				GCC_WARN_UNUSED_VARIABLE = YES;
				IPHONEOS_DEPLOYMENT_TARGET = 9.2;
				MTL_ENABLE_DEBUG_INFO = YES;
				ONLY_ACTIVE_ARCH = YES;
				SDKROOT = iphoneos;
			};
			name = Debug;
		};
		344A004E1C75E0D8008281BB /* Release */ = {
			isa = XCBuildConfiguration;
			buildSettings = {
				ALWAYS_SEARCH_USER_PATHS = NO;
				CLANG_CXX_LANGUAGE_STANDARD = "gnu++0x";
				CLANG_CXX_LIBRARY = "libc++";
				CLANG_ENABLE_MODULES = YES;
				CLANG_ENABLE_OBJC_ARC = YES;
				CLANG_WARN_BOOL_CONVERSION = YES;
				CLANG_WARN_CONSTANT_CONVERSION = YES;
				CLANG_WARN_DIRECT_OBJC_ISA_USAGE = YES_ERROR;
				CLANG_WARN_EMPTY_BODY = YES;
				CLANG_WARN_ENUM_CONVERSION = YES;
				CLANG_WARN_INT_CONVERSION = YES;
				CLANG_WARN_OBJC_ROOT_CLASS = YES_ERROR;
				CLANG_WARN_UNREACHABLE_CODE = YES;
				CLANG_WARN__DUPLICATE_METHOD_MATCH = YES;
				"CODE_SIGN_IDENTITY[sdk=iphoneos*]" = "iPhone Developer";
				COPY_PHASE_STRIP = NO;
				DEBUG_INFORMATION_FORMAT = "dwarf-with-dsym";
				ENABLE_NS_ASSERTIONS = NO;
				ENABLE_STRICT_OBJC_MSGSEND = YES;
				GCC_C_LANGUAGE_STANDARD = gnu99;
				GCC_NO_COMMON_BLOCKS = YES;
				GCC_PRECOMPILE_PREFIX_HEADER = NO;
				GCC_PREFIX_HEADER = "";
				GCC_WARN_64_TO_32_BIT_CONVERSION = YES;
				GCC_WARN_ABOUT_RETURN_TYPE = YES_ERROR;
				GCC_WARN_UNDECLARED_SELECTOR = YES;
				GCC_WARN_UNINITIALIZED_AUTOS = YES_AGGRESSIVE;
				GCC_WARN_UNUSED_FUNCTION = YES;
				GCC_WARN_UNUSED_VARIABLE = YES;
				IPHONEOS_DEPLOYMENT_TARGET = 9.2;
				MTL_ENABLE_DEBUG_INFO = NO;
				SDKROOT = iphoneos;
				VALIDATE_PRODUCT = YES;
			};
			name = Release;
		};
		344A00501C75E0D8008281BB /* Debug */ = {
			isa = XCBuildConfiguration;
			buildSettings = {
				ASSETCATALOG_COMPILER_APPICON_NAME = AppIcon;
				GCC_PRECOMPILE_PREFIX_HEADER = NO;
				GCC_PREFIX_HEADER = "$(SRCROOT)/Camille/PrefixHeader.pch";
				INFOPLIST_FILE = Camille/Info.plist;
				IPHONEOS_DEPLOYMENT_TARGET = 7.0;
				LD_RUNPATH_SEARCH_PATHS = "$(inherited) @executable_path/Frameworks";
				PRODUCT_BUNDLE_IDENTIFIER = shayneyeorg.Camille;
				PRODUCT_NAME = "$(TARGET_NAME)";
			};
			name = Debug;
		};
		344A00511C75E0D8008281BB /* Release */ = {
			isa = XCBuildConfiguration;
			buildSettings = {
				ASSETCATALOG_COMPILER_APPICON_NAME = AppIcon;
				GCC_PRECOMPILE_PREFIX_HEADER = NO;
				GCC_PREFIX_HEADER = "$(SRCROOT)/Camille/PrefixHeader.pch";
				INFOPLIST_FILE = Camille/Info.plist;
				IPHONEOS_DEPLOYMENT_TARGET = 7.0;
				LD_RUNPATH_SEARCH_PATHS = "$(inherited) @executable_path/Frameworks";
				PRODUCT_BUNDLE_IDENTIFIER = shayneyeorg.Camille;
				PRODUCT_NAME = "$(TARGET_NAME)";
			};
			name = Release;
		};
/* End XCBuildConfiguration section */

/* Begin XCConfigurationList section */
		344A00301C75E0D8008281BB /* Build configuration list for PBXProject "Camille" */ = {
			isa = XCConfigurationList;
			buildConfigurations = (
				344A004D1C75E0D8008281BB /* Debug */,
				344A004E1C75E0D8008281BB /* Release */,
			);
			defaultConfigurationIsVisible = 0;
			defaultConfigurationName = Release;
		};
		344A004F1C75E0D8008281BB /* Build configuration list for PBXNativeTarget "Camille" */ = {
			isa = XCConfigurationList;
			buildConfigurations = (
				344A00501C75E0D8008281BB /* Debug */,
				344A00511C75E0D8008281BB /* Release */,
			);
			defaultConfigurationIsVisible = 0;
			defaultConfigurationName = Release;
		};
/* End XCConfigurationList section */

/* Begin XCVersionGroup section */
		34D21C601C777007004264C2 /* Camille.xcdatamodeld */ = {
			isa = XCVersionGroup;
			children = (
				34D21C611C777007004264C2 /* Camille.xcdatamodel */,
			);
			currentVersion = 34D21C611C777007004264C2 /* Camille.xcdatamodel */;
			path = Camille.xcdatamodeld;
			sourceTree = "<group>";
			versionGroupType = wrapper.xcdatamodel;
		};
/* End XCVersionGroup section */
	};
	rootObject = 344A002D1C75E0D8008281BB /* Project object */;
}
